// !$*UTF8*$!
{
	archiveVersion = 1;
	classes = {
	};
	objectVersion = 77;
	objects = {

/* Begin PBXBuildFile section */
		00F658BBA5265DB38A09012E /* GestureConfig.swift in Sources */ = {isa = PBXBuildFile; fileRef = 460F6690F79DF51ADDC42530 /* GestureConfig.swift */; };
		034BDEB1DB58567C7CC17A72 /* ThumbnailProvider.swift in Sources */ = {isa = PBXBuildFile; fileRef = BA51A9AC6AFB57EAC2BDAD53 /* ThumbnailProvider.swift */; };
		0433720B0291CA83F3B2994B /* SpaceWarpStackSimplifier.swift in Sources */ = {isa = PBXBuildFile; fileRef = EAE2D04E4E22D694D52FED6E /* SpaceWarpStackSimplifier.swift */; };
		085500D0AB56AA7F0991F6F4 /* EmbeddedFormula.swift in Sources */ = {isa = PBXBuildFile; fileRef = 2339B53F7DF0A8DF0D298E14 /* EmbeddedFormula.swift */; };
		0A694F27C614C6A6CDD4D1F6 /* SpaceWarpStackModel.swift in Sources */ = {isa = PBXBuildFile; fileRef = 9C4B5D83D1E1E4E64CBF5BD7 /* SpaceWarpStackModel.swift */; };
		0AEFFF2E4770FE0642DE2B69 /* LightingConfig.swift in Sources */ = {isa = PBXBuildFile; fileRef = 330FD3A39D64608DAD6767FA /* LightingConfig.swift */; };
		0CE73EC158149FCA62574D6E /* FormulaCatalog.swift in Sources */ = {isa = PBXBuildFile; fileRef = 0CF8752D5719FA6DDBAC87DA /* FormulaCatalog.swift */; };
		0E225CDE504396B724A44CB2 /* Quartz.framework in Frameworks */ = {isa = PBXBuildFile; fileRef = 461F910BC79EBF63B5C29573 /* Quartz.framework */; };
		0F8547D690214FCFDAED1F56 /* MusicReactiveTypes.swift in Sources */ = {isa = PBXBuildFile; fileRef = E4E9D983884782BF105022C3 /* MusicReactiveTypes.swift */; };
		0FF01709623DECB8F0C39763 /* Shaders.metal in Sources */ = {isa = PBXBuildFile; fileRef = 20EA82FA2BB7C1B38D87B821 /* Shaders.metal */; };
		10615399B645EA9CE2AC858C /* QualityConfig.swift in Sources */ = {isa = PBXBuildFile; fileRef = C1084066A997044935034418 /* QualityConfig.swift */; };
		13347774F584E48BBC09FD7B /* LightingConfig.swift in Sources */ = {isa = PBXBuildFile; fileRef = 5EA8E4C86D7D5934C68FF60D /* LightingConfig.swift */; };
		14803CAED81F27443EA438EF /* AudioReactiveConfig.swift in Sources */ = {isa = PBXBuildFile; fileRef = 1053A750DCDDE5FC276B5F3A /* AudioReactiveConfig.swift */; };
		163AFB266770B9B2BC82C950 /* GestureConfig.swift in Sources */ = {isa = PBXBuildFile; fileRef = 8122F0A44FF02CD067EC973E /* GestureConfig.swift */; };
		19875B8F4E3B92349696DCBC /* RenderSettingsSnapshot.swift in Sources */ = {isa = PBXBuildFile; fileRef = 1B0B5F2A1EBDA06C1FE47532 /* RenderSettingsSnapshot.swift */; };
		1BFCB25464279471D93F1A2F /* MenuToggleGestureMode.swift in Sources */ = {isa = PBXBuildFile; fileRef = 6CBA01BD20F6FEDB37C5234C /* MenuToggleGestureMode.swift */; };
		1D3BE951AD6C5F103AD4DC15 /* EmbeddedFormula.swift in Sources */ = {isa = PBXBuildFile; fileRef = 2E7DFDCAF679AC1C6E7BE8C0 /* EmbeddedFormula.swift */; };
		1EB181B7FC412501B83DD212 /* FingerGestureAction.swift in Sources */ = {isa = PBXBuildFile; fileRef = DA064DDEBED168C1403CF9FC /* FingerGestureAction.swift */; };
		2C7EAB8851AB0195773861FC /* MetalKit.framework in Frameworks */ = {isa = PBXBuildFile; fileRef = 37D3A3272F51BBE19A3CDAD7 /* MetalKit.framework */; };
		2D8B97554E5613FEDD6B862A /* PerFractalGestureStore.swift in Sources */ = {isa = PBXBuildFile; fileRef = 635171EA7CC6BB9548AE93D9 /* PerFractalGestureStore.swift */; };
		2F52F62E3336970A7D92BDD9 /* CustomShaderCompiler.swift in Sources */ = {isa = PBXBuildFile; fileRef = F327D48736FD2946792084A4 /* CustomShaderCompiler.swift */; };
		304679E6B344CBBEBF13F373 /* RenderPrecompute.swift in Sources */ = {isa = PBXBuildFile; fileRef = 8DB40AD9308C4DF7C5D6EFEF /* RenderPrecompute.swift */; };
		325917EED7E9737D2F6EC8AA /* FractalPreset.swift in Sources */ = {isa = PBXBuildFile; fileRef = 2A191F3EEBB124AA64FEFBB4 /* FractalPreset.swift */; };
		3324964C905C179B95F9A2F2 /* RenderSettings.swift in Sources */ = {isa = PBXBuildFile; fileRef = D58C40F0C81D77415131982A /* RenderSettings.swift */; };
		3441D8F5C723C1976E26C200 /* Cocoa.framework in Frameworks */ = {isa = PBXBuildFile; fileRef = 0CD407A50A4FE37188F833F4 /* Cocoa.framework */; };
		365D56C6DD7A2E03010F1BE5 /* GradientColorSystem.swift in Sources */ = {isa = PBXBuildFile; fileRef = 092CEBD8544DB5373A50D928 /* GradientColorSystem.swift */; };
		39ED0017E6F2DF0564B6C8A6 /* GestureDefaults.swift in Sources */ = {isa = PBXBuildFile; fileRef = 44F4A0D7DCA754169CA2BAA1 /* GestureDefaults.swift */; };
		3CBFD15AD0AA1A7FE78E5723 /* ModuleRegistry.swift in Sources */ = {isa = PBXBuildFile; fileRef = BE45FE779975297527CDE85E /* ModuleRegistry.swift */; };
		3D64F4E68ECB6E1182B79064 /* SpaceWarpStackModel.swift in Sources */ = {isa = PBXBuildFile; fileRef = 35EB9CD89A47D63854AE2A97 /* SpaceWarpStackModel.swift */; };
		3EAF4CBDCA08CA27CB6612FF /* CustomShaderCompiler.swift in Sources */ = {isa = PBXBuildFile; fileRef = 0BBC59088B8BB5606C8EE918 /* CustomShaderCompiler.swift */; };
		3F8FE344D7DCDCBC70C126EB /* FractalModelType.swift in Sources */ = {isa = PBXBuildFile; fileRef = 14F1234BC5E2202FA4E954CB /* FractalModelType.swift */; };
		40F7E026C31B96391994D205 /* QualityPreset.swift in Sources */ = {isa = PBXBuildFile; fileRef = 6A4AD30512448E51F0666C72 /* QualityPreset.swift */; };
		43DEA6CB9E376548333DEABE /* RendererMath.swift in Sources */ = {isa = PBXBuildFile; fileRef = 0D7CDBD6615F6E3B19DA79B9 /* RendererMath.swift */; };
		441A4C56EB1726A442FB2C0A /* GestureDefaults.swift in Sources */ = {isa = PBXBuildFile; fileRef = C41E5EB86DC4D70D12ADB6E3 /* GestureDefaults.swift */; };
		515CFF16710FD7C630034E52 /* QualityConfig.swift in Sources */ = {isa = PBXBuildFile; fileRef = 6CEF6774A4D84CB401B03A36 /* QualityConfig.swift */; };
		5767D5DD1BA55EDFEBD4B371 /* DisplayConfig.swift in Sources */ = {isa = PBXBuildFile; fileRef = 3B9E073BC1CCAC67A90792D0 /* DisplayConfig.swift */; };
		59DF3AA218082725289628F2 /* MenuToggleGestureMode.swift in Sources */ = {isa = PBXBuildFile; fileRef = C3A4F0A1B29231AAD7C444CB /* MenuToggleGestureMode.swift */; };
		611285ED59BD1AB1C83EC0E1 /* ModuleRegistry.swift in Sources */ = {isa = PBXBuildFile; fileRef = 7B1A9BA403EF111AF231A886 /* ModuleRegistry.swift */; };
		6188AB7347DC2DA1B018864C /* Module.swift in Sources */ = {isa = PBXBuildFile; fileRef = 1405AA7E0099BE085E2CDAFF /* Module.swift */; };
		64CAF74B2828F955D432E472 /* RenderPrecompute.swift in Sources */ = {isa = PBXBuildFile; fileRef = D18F55BF6186B4399E00D835 /* RenderPrecompute.swift */; };
		67B7B56C7AEC17CEC344928D /* SettingsPersistence.swift in Sources */ = {isa = PBXBuildFile; fileRef = D63B790BD54920E047EE6FFD /* SettingsPersistence.swift */; };
		7471383080000D6FE1B3AE4F /* Cocoa.framework in Frameworks */ = {isa = PBXBuildFile; fileRef = 0CD407A50A4FE37188F833F4 /* Cocoa.framework */; };
		7630007D28CB6330DDB52661 /* RenderKitStubs.swift in Sources */ = {isa = PBXBuildFile; fileRef = 3D95D4B40B4A73AA14CB6F7D /* RenderKitStubs.swift */; };
		79DD7BBDA2099CC120B243AE /* FormulaCatalog.swift in Sources */ = {isa = PBXBuildFile; fileRef = 1B12D3A962C763424A76EFA2 /* FormulaCatalog.swift */; };
		7D190DBBF5457FD628713C2A /* PerFractalGestureStore.swift in Sources */ = {isa = PBXBuildFile; fileRef = 33AAA69AC00E42073C15F838 /* PerFractalGestureStore.swift */; };
		7DF7CA8491EF7F8A3F3A0491 /* Shaders.metal in Sources */ = {isa = PBXBuildFile; fileRef = 9DA88BE058FCC264F16CD64F /* Shaders.metal */; };
		7E5CD6A23E534D8D3D410E90 /* LightingTypes.swift in Sources */ = {isa = PBXBuildFile; fileRef = 4B616F0EA5437066225F75FC /* LightingTypes.swift */; };
		804B62CDA16A6C1ACDC137A3 /* Module.swift in Sources */ = {isa = PBXBuildFile; fileRef = 142A1AEC8AC1062BF4FEE067 /* Module.swift */; };
		819FB6DC006BF66174FC5573 /* SafetyBubbleConfig.swift in Sources */ = {isa = PBXBuildFile; fileRef = 7C5DC5A8A5851DF3A6EFBB2B /* SafetyBubbleConfig.swift */; };
		867F36FB50FF2FF0089A6F85 /* MetalKit.framework in Frameworks */ = {isa = PBXBuildFile; fileRef = 37D3A3272F51BBE19A3CDAD7 /* MetalKit.framework */; };
		878043659D1137664E651D11 /* PreviewViewController.swift in Sources */ = {isa = PBXBuildFile; fileRef = 464899F6A58959A5D1C10C2A /* PreviewViewController.swift */; };
		8A2DF225D8ED5F2A17B88E14 /* GeometryConfig.swift in Sources */ = {isa = PBXBuildFile; fileRef = F0C1CAB13706454AF27E0B79 /* GeometryConfig.swift */; };
		8B2DE175A56C8DB3265BF214 /* ParameterTargetID.swift in Sources */ = {isa = PBXBuildFile; fileRef = DCBC0F8B21F2F45F4CA98826 /* ParameterTargetID.swift */; };
		9316FA75D6711FC1529AB16F /* ColorConfig.swift in Sources */ = {isa = PBXBuildFile; fileRef = 3C719FC5AD7D80C767B9CD28 /* ColorConfig.swift */; };
		9380B3B97D58CF9B47129B4C /* FingerGestureAction.swift in Sources */ = {isa = PBXBuildFile; fileRef = 65C5A19373398CF9B86F9D0E /* FingerGestureAction.swift */; };
		98D2A74D3C5B02E1D02B722A /* QuickLookThumbnailing.framework in Frameworks */ = {isa = PBXBuildFile; fileRef = C2C60FE2AC612DBC45321348 /* QuickLookThumbnailing.framework */; };
		9A11C739C2E9BE77F507D346 /* GeometryConfig.swift in Sources */ = {isa = PBXBuildFile; fileRef = 59638417CD90B07044530428 /* GeometryConfig.swift */; };
		9A8D93C25DDA331A4EEB4DF8 /* RendererMath.swift in Sources */ = {isa = PBXBuildFile; fileRef = CDCBA0A6FCB2D6A8809201B2 /* RendererMath.swift */; };
		9C32C3D42C90797FD16CB06A /* EmbeddedMetalSources.swift in Sources */ = {isa = PBXBuildFile; fileRef = 34BA4BF452165EB09D2A74AC /* EmbeddedMetalSources.swift */; };
		9CD00840FC72C012FFE4A18C /* RenderSettingsSnapshot.swift in Sources */ = {isa = PBXBuildFile; fileRef = 7FADD50E9E8587D887633581 /* RenderSettingsSnapshot.swift */; };
		A2DA160BF98F66B98DFD54A6 /* AudioReactiveConfig.swift in Sources */ = {isa = PBXBuildFile; fileRef = 22B8ECC017055FE3AC69595D /* AudioReactiveConfig.swift */; };
		A4ADEBD0CC81DD91C07D27D5 /* ControlSpec.swift in Sources */ = {isa = PBXBuildFile; fileRef = CE6BB0D8C24F31498D5C679E /* ControlSpec.swift */; };
		A4EB52EB8E873FA78FD21534 /* RenderSettings.swift in Sources */ = {isa = PBXBuildFile; fileRef = A68D26D737236E5E1B909F41 /* RenderSettings.swift */; };
		AC7FCBC7A1EC2408119428A0 /* Metal.framework in Frameworks */ = {isa = PBXBuildFile; fileRef = 2D9C0FCEA23C2A00B886BC75 /* Metal.framework */; };
		B3DEF1FEBF060F80C4A5424E /* DisplayConfig.swift in Sources */ = {isa = PBXBuildFile; fileRef = 24B46BC576EA61A1DB77D405 /* DisplayConfig.swift */; };
		B71A7E876A3EAF736A141FCA /* InteractiveFractalView.swift in Sources */ = {isa = PBXBuildFile; fileRef = 4249DE37D4A8F3828380A567 /* InteractiveFractalView.swift */; };
		B8F172360F77EB0440328D3D /* FractalModelType.swift in Sources */ = {isa = PBXBuildFile; fileRef = 88194FE4E041E69DF04FB756 /* FractalModelType.swift */; };
		C6923FC2186B6AA49936070F /* ColorConfig.swift in Sources */ = {isa = PBXBuildFile; fileRef = 7344C8492EECDE379CB8C40E /* ColorConfig.swift */; };
		CAFD8E5F1B60B660BD04E6BD /* RenderModes.swift in Sources */ = {isa = PBXBuildFile; fileRef = 3A2DF7D676A209685F80554F /* RenderModes.swift */; };
		CD6D459B47F013B2FFFC32BC /* FractalTypeDescriptor.swift in Sources */ = {isa = PBXBuildFile; fileRef = 1442C28B5E3323F5A030B812 /* FractalTypeDescriptor.swift */; };
		CEEDC9B71F141ED6982F62AF /* ThresholdQLPreview.appex in Embed App Extensions */ = {isa = PBXBuildFile; fileRef = 1A5291D859C108E16FABC3B4 /* ThresholdQLPreview.appex */; settings = {ATTRIBUTES = (RemoveHeadersOnCopy, ); }; };
		CF50053E0288060688E202C7 /* ThresholdQLThumbnail.appex in Embed App Extensions */ = {isa = PBXBuildFile; fileRef = C86D9C06CB400145D31C4D82 /* ThresholdQLThumbnail.appex */; settings = {ATTRIBUTES = (RemoveHeadersOnCopy, ); }; };
		D323820D26077976A87603F5 /* MusicReactiveTypes.swift in Sources */ = {isa = PBXBuildFile; fileRef = 48B70896A74FF36713122D42 /* MusicReactiveTypes.swift */; };
		D36FA42814E8500C056E752E /* RenderKitStubs.swift in Sources */ = {isa = PBXBuildFile; fileRef = 5244C01BBFB2B31579F4E3EE /* RenderKitStubs.swift */; };
		D56797594E80873A9ED04DAC /* SafetyBubbleConfig.swift in Sources */ = {isa = PBXBuildFile; fileRef = 8928C631A44AC2F2A94DC149 /* SafetyBubbleConfig.swift */; };
		D56F197B222D90EEAA162F20 /* HeadlessRenderer.swift in Sources */ = {isa = PBXBuildFile; fileRef = 7F8738FA26BDDEAB22BB1D45 /* HeadlessRenderer.swift */; };
		D82A5146E11D4D4C0133CD95 /* FractalPreset.swift in Sources */ = {isa = PBXBuildFile; fileRef = 098E990A937679A90065C78C /* FractalPreset.swift */; };
		DFAC9921D8F278098A6BE549 /* ThresholdPreviewRender.swift in Sources */ = {isa = PBXBuildFile; fileRef = F47E40981B366A3CBAB5F9FF /* ThresholdPreviewRender.swift */; };
		E3E80617CC6E9A4114D1E0E3 /* SettingsPersistence.swift in Sources */ = {isa = PBXBuildFile; fileRef = 8C1C85942E9794432E22B19D /* SettingsPersistence.swift */; };
		E4746E81E82EF1BE0E904B56 /* EmbeddedMetalSources.swift in Sources */ = {isa = PBXBuildFile; fileRef = F4AD79311697999614A63C65 /* EmbeddedMetalSources.swift */; };
		E537803E0131B3BDEDFE0195 /* FractalTypeDescriptor.swift in Sources */ = {isa = PBXBuildFile; fileRef = A6EAE28F33DD4803DB243A22 /* FractalTypeDescriptor.swift */; };
		E6614B7A7F2160C3D7C0AEFE /* ParameterTargetID.swift in Sources */ = {isa = PBXBuildFile; fileRef = 7D8CAAB04BF5CAD1616D4603 /* ParameterTargetID.swift */; };
		E773114AD067C3F06D14399E /* HeadlessRenderer.swift in Sources */ = {isa = PBXBuildFile; fileRef = C83DA5BCDFDAE66CBFA043D2 /* HeadlessRenderer.swift */; };
		E9E6A22A1E5BC6801166265D /* ControlSpec.swift in Sources */ = {isa = PBXBuildFile; fileRef = 1F6A566D43A4E998BFA11097 /* ControlSpec.swift */; };
		EB2D9C9BBA487FB2C885555A /* GradientColorSystem.swift in Sources */ = {isa = PBXBuildFile; fileRef = CCCDBB3ED932379CC49DA403 /* GradientColorSystem.swift */; };
		ED36A745765CFF6690F54496 /* RenderModes.swift in Sources */ = {isa = PBXBuildFile; fileRef = 764F1C31F4299223D90BF4AD /* RenderModes.swift */; };
		F0ACD38E37965F3075BBC3D1 /* LightingTypes.swift in Sources */ = {isa = PBXBuildFile; fileRef = 1A22F1E19BB2AFF9E920AB53 /* LightingTypes.swift */; };
		F641960371E6EF18BB1A131C /* ThresholdPreviewRender.swift in Sources */ = {isa = PBXBuildFile; fileRef = 17F88B502717F5319CC832F3 /* ThresholdPreviewRender.swift */; };
		F7DADA93ABE18D4E82ED74C8 /* QualityPreset.swift in Sources */ = {isa = PBXBuildFile; fileRef = D38041E4EB81DB291C1BDB33 /* QualityPreset.swift */; };
		FAE9BE99080EF29739728BAE /* Metal.framework in Frameworks */ = {isa = PBXBuildFile; fileRef = 2D9C0FCEA23C2A00B886BC75 /* Metal.framework */; };
		FCDB58C7C1A84EB9775EC10A /* SpaceWarpStackSimplifier.swift in Sources */ = {isa = PBXBuildFile; fileRef = 088A86FAE62DA5A245408A1F /* SpaceWarpStackSimplifier.swift */; };
/* End PBXBuildFile section */

/* Begin PBXContainerItemProxy section */
		5E6817C2ED7BCB7B78521290 /* PBXContainerItemProxy */ = {
			isa = PBXContainerItemProxy;
			containerPortal = D7D716892CEAC4B100CEEA51 /* Project object */;
			proxyType = 1;
			remoteGlobalIDString = D29CF86F86D18C580CA06124;
			remoteInfo = ThresholdQLPreview;
		};
		D8A000072D00000000000001 /* PBXContainerItemProxy */ = {
			isa = PBXContainerItemProxy;
			containerPortal = D7D716892CEAC4B100CEEA51 /* Project object */;
			proxyType = 1;
			remoteGlobalIDString = D7D716B62CEAC4B200CEEA51;
			remoteInfo = ThresholdMac;
		};
		E49BA58C75B84E006D03A5B9 /* PBXContainerItemProxy */ = {
			isa = PBXContainerItemProxy;
			containerPortal = D7D716892CEAC4B100CEEA51 /* Project object */;
			proxyType = 1;
			remoteGlobalIDString = 455EA762396683E298589FD0;
			remoteInfo = ThresholdQLThumbnail;
		};
/* End PBXContainerItemProxy section */

/* Begin PBXCopyFilesBuildPhase section */
		484A83441DFAD497CC97D953 /* Embed App Extensions */ = {
			isa = PBXCopyFilesBuildPhase;
			buildActionMask = 2147483647;
			dstPath = "";
			dstSubfolderSpec = 13;
			files = (
				CF50053E0288060688E202C7 /* ThresholdQLThumbnail.appex in Embed App Extensions */,
				CEEDC9B71F141ED6982F62AF /* ThresholdQLPreview.appex in Embed App Extensions */,
			);
			name = "Embed App Extensions";
			runOnlyForDeploymentPostprocessing = 0;
		};
/* End PBXCopyFilesBuildPhase section */

/* Begin PBXFileReference section */
		088A86FAE62DA5A245408A1F /* SpaceWarpStackSimplifier.swift */ = {isa = PBXFileReference; includeInIndex = 1; lastKnownFileType = sourcecode.swift; name = SpaceWarpStackSimplifier.swift; path = Threshold/Parameters/SpaceWarpStackSimplifier.swift; sourceTree = SOURCE_ROOT; };
		092CEBD8544DB5373A50D928 /* GradientColorSystem.swift */ = {isa = PBXFileReference; includeInIndex = 1; lastKnownFileType = sourcecode.swift; name = GradientColorSystem.swift; path = Threshold/Parameters/GradientColorSystem.swift; sourceTree = SOURCE_ROOT; };
		098E990A937679A90065C78C /* FractalPreset.swift */ = {isa = PBXFileReference; includeInIndex = 1; lastKnownFileType = sourcecode.swift; name = FractalPreset.swift; path = Threshold/Parameters/FractalPreset.swift; sourceTree = SOURCE_ROOT; };
		0BBC59088B8BB5606C8EE918 /* CustomShaderCompiler.swift */ = {isa = PBXFileReference; includeInIndex = 1; lastKnownFileType = sourcecode.swift; name = CustomShaderCompiler.swift; path = Threshold/Rendering/Core/CustomShaderCompiler.swift; sourceTree = SOURCE_ROOT; };
		0C9CB7B4E0BE63E7EDE299B9 /* Info.plist */ = {isa = PBXFileReference; includeInIndex = 1; lastKnownFileType = text.plist.xml; name = Info.plist; path = ThresholdQuickLook/Thumbnail/Info.plist; sourceTree = SOURCE_ROOT; };
		0CD407A50A4FE37188F833F4 /* Cocoa.framework */ = {isa = PBXFileReference; lastKnownFileType = wrapper.framework; name = Cocoa.framework; path = Platforms/MacOSX.platform/Developer/SDKs/MacOSX15.0.sdk/System/Library/Frameworks/Cocoa.framework; sourceTree = DEVELOPER_DIR; };
		0CF8752D5719FA6DDBAC87DA /* FormulaCatalog.swift */ = {isa = PBXFileReference; includeInIndex = 1; lastKnownFileType = sourcecode.swift; name = FormulaCatalog.swift; path = Threshold/App/FormulaCatalog.swift; sourceTree = SOURCE_ROOT; };
		0D7CDBD6615F6E3B19DA79B9 /* RendererMath.swift */ = {isa = PBXFileReference; includeInIndex = 1; lastKnownFileType = sourcecode.swift; name = RendererMath.swift; path = Threshold/Rendering/Core/RendererMath.swift; sourceTree = SOURCE_ROOT; };
		1053A750DCDDE5FC276B5F3A /* AudioReactiveConfig.swift */ = {isa = PBXFileReference; includeInIndex = 1; lastKnownFileType = sourcecode.swift; name = AudioReactiveConfig.swift; path = Threshold/Parameters/Config/AudioReactiveConfig.swift; sourceTree = SOURCE_ROOT; };
		1405AA7E0099BE085E2CDAFF /* Module.swift */ = {isa = PBXFileReference; includeInIndex = 1; lastKnownFileType = sourcecode.swift; name = Module.swift; path = Threshold/Parameters/Module.swift; sourceTree = SOURCE_ROOT; };
		142A1AEC8AC1062BF4FEE067 /* Module.swift */ = {isa = PBXFileReference; includeInIndex = 1; lastKnownFileType = sourcecode.swift; name = Module.swift; path = Threshold/Parameters/Module.swift; sourceTree = SOURCE_ROOT; };
		1442C28B5E3323F5A030B812 /* FractalTypeDescriptor.swift */ = {isa = PBXFileReference; includeInIndex = 1; lastKnownFileType = sourcecode.swift; name = FractalTypeDescriptor.swift; path = Threshold/App/FractalTypeDescriptor.swift; sourceTree = SOURCE_ROOT; };
		14F1234BC5E2202FA4E954CB /* FractalModelType.swift */ = {isa = PBXFileReference; includeInIndex = 1; lastKnownFileType = sourcecode.swift; name = FractalModelType.swift; path = Threshold/App/FractalModelType.swift; sourceTree = SOURCE_ROOT; };
		17F88B502717F5319CC832F3 /* ThresholdPreviewRender.swift */ = {isa = PBXFileReference; includeInIndex = 1; lastKnownFileType = sourcecode.swift; name = ThresholdPreviewRender.swift; path = ThresholdQuickLook/Shared/ThresholdPreviewRender.swift; sourceTree = SOURCE_ROOT; };
		1A22F1E19BB2AFF9E920AB53 /* LightingTypes.swift */ = {isa = PBXFileReference; includeInIndex = 1; lastKnownFileType = sourcecode.swift; name = LightingTypes.swift; path = Threshold/App/LightingTypes.swift; sourceTree = SOURCE_ROOT; };
		1A5291D859C108E16FABC3B4 /* ThresholdQLPreview.appex */ = {isa = PBXFileReference; explicitFileType = "wrapper.app-extension"; includeInIndex = 0; path = ThresholdQLPreview.appex; sourceTree = BUILT_PRODUCTS_DIR; };
		1B0B5F2A1EBDA06C1FE47532 /* RenderSettingsSnapshot.swift */ = {isa = PBXFileReference; includeInIndex = 1; lastKnownFileType = sourcecode.swift; name = RenderSettingsSnapshot.swift; path = Threshold/Parameters/RenderSettingsSnapshot.swift; sourceTree = SOURCE_ROOT; };
		1B12D3A962C763424A76EFA2 /* FormulaCatalog.swift */ = {isa = PBXFileReference; includeInIndex = 1; lastKnownFileType = sourcecode.swift; name = FormulaCatalog.swift; path = Threshold/App/FormulaCatalog.swift; sourceTree = SOURCE_ROOT; };
		1F6A566D43A4E998BFA11097 /* ControlSpec.swift */ = {isa = PBXFileReference; includeInIndex = 1; lastKnownFileType = sourcecode.swift; name = ControlSpec.swift; path = Threshold/Parameters/ControlSpec.swift; sourceTree = SOURCE_ROOT; };
		20EA82FA2BB7C1B38D87B821 /* Shaders.metal */ = {isa = PBXFileReference; includeInIndex = 1; name = Shaders.metal; path = Threshold/Rendering/Shaders.metal; sourceTree = SOURCE_ROOT; };
		22B8ECC017055FE3AC69595D /* AudioReactiveConfig.swift */ = {isa = PBXFileReference; includeInIndex = 1; lastKnownFileType = sourcecode.swift; name = AudioReactiveConfig.swift; path = Threshold/Parameters/Config/AudioReactiveConfig.swift; sourceTree = SOURCE_ROOT; };
		2339B53F7DF0A8DF0D298E14 /* EmbeddedFormula.swift */ = {isa = PBXFileReference; includeInIndex = 1; lastKnownFileType = sourcecode.swift; name = EmbeddedFormula.swift; path = Threshold/Formulas/EmbeddedFormula.swift; sourceTree = SOURCE_ROOT; };
		24B46BC576EA61A1DB77D405 /* DisplayConfig.swift */ = {isa = PBXFileReference; includeInIndex = 1; lastKnownFileType = sourcecode.swift; name = DisplayConfig.swift; path = Threshold/Parameters/Config/DisplayConfig.swift; sourceTree = SOURCE_ROOT; };
		2A191F3EEBB124AA64FEFBB4 /* FractalPreset.swift */ = {isa = PBXFileReference; includeInIndex = 1; lastKnownFileType = sourcecode.swift; name = FractalPreset.swift; path = Threshold/Parameters/FractalPreset.swift; sourceTree = SOURCE_ROOT; };
		2D9C0FCEA23C2A00B886BC75 /* Metal.framework */ = {isa = PBXFileReference; lastKnownFileType = wrapper.framework; name = Metal.framework; path = System/Library/Frameworks/Metal.framework; sourceTree = SDKROOT; };
		2E7DFDCAF679AC1C6E7BE8C0 /* EmbeddedFormula.swift */ = {isa = PBXFileReference; includeInIndex = 1; lastKnownFileType = sourcecode.swift; name = EmbeddedFormula.swift; path = Threshold/Formulas/EmbeddedFormula.swift; sourceTree = SOURCE_ROOT; };
		330FD3A39D64608DAD6767FA /* LightingConfig.swift */ = {isa = PBXFileReference; includeInIndex = 1; lastKnownFileType = sourcecode.swift; name = LightingConfig.swift; path = Threshold/Parameters/Config/LightingConfig.swift; sourceTree = SOURCE_ROOT; };
		33AAA69AC00E42073C15F838 /* PerFractalGestureStore.swift */ = {isa = PBXFileReference; includeInIndex = 1; lastKnownFileType = sourcecode.swift; name = PerFractalGestureStore.swift; path = Threshold/Parameters/Config/PerFractalGestureStore.swift; sourceTree = SOURCE_ROOT; };
		34BA4BF452165EB09D2A74AC /* EmbeddedMetalSources.swift */ = {isa = PBXFileReference; includeInIndex = 1; lastKnownFileType = sourcecode.swift; name = EmbeddedMetalSources.swift; path = Threshold/Rendering/Generated/EmbeddedMetalSources.swift; sourceTree = SOURCE_ROOT; };
		35EB9CD89A47D63854AE2A97 /* SpaceWarpStackModel.swift */ = {isa = PBXFileReference; includeInIndex = 1; lastKnownFileType = sourcecode.swift; name = SpaceWarpStackModel.swift; path = Threshold/Parameters/SpaceWarpStackModel.swift; sourceTree = SOURCE_ROOT; };
		37D3A3272F51BBE19A3CDAD7 /* MetalKit.framework */ = {isa = PBXFileReference; lastKnownFileType = wrapper.framework; name = MetalKit.framework; path = System/Library/Frameworks/MetalKit.framework; sourceTree = SDKROOT; };
		3A2DF7D676A209685F80554F /* RenderModes.swift */ = {isa = PBXFileReference; includeInIndex = 1; lastKnownFileType = sourcecode.swift; name = RenderModes.swift; path = Threshold/Rendering/Core/RenderModes.swift; sourceTree = SOURCE_ROOT; };
		3B9E073BC1CCAC67A90792D0 /* DisplayConfig.swift */ = {isa = PBXFileReference; includeInIndex = 1; lastKnownFileType = sourcecode.swift; name = DisplayConfig.swift; path = Threshold/Parameters/Config/DisplayConfig.swift; sourceTree = SOURCE_ROOT; };
		3C719FC5AD7D80C767B9CD28 /* ColorConfig.swift */ = {isa = PBXFileReference; includeInIndex = 1; lastKnownFileType = sourcecode.swift; name = ColorConfig.swift; path = Threshold/Parameters/Config/ColorConfig.swift; sourceTree = SOURCE_ROOT; };
		3D95D4B40B4A73AA14CB6F7D /* RenderKitStubs.swift */ = {isa = PBXFileReference; includeInIndex = 1; lastKnownFileType = sourcecode.swift; name = RenderKitStubs.swift; path = ThresholdQuickLook/Shared/RenderKitStubs.swift; sourceTree = SOURCE_ROOT; };
		4249DE37D4A8F3828380A567 /* InteractiveFractalView.swift */ = {isa = PBXFileReference; includeInIndex = 1; lastKnownFileType = sourcecode.swift; name = InteractiveFractalView.swift; path = ThresholdQuickLook/Preview/InteractiveFractalView.swift; sourceTree = SOURCE_ROOT; };
		44F4A0D7DCA754169CA2BAA1 /* GestureDefaults.swift */ = {isa = PBXFileReference; includeInIndex = 1; lastKnownFileType = sourcecode.swift; name = GestureDefaults.swift; path = Threshold/Parameters/Config/GestureDefaults.swift; sourceTree = SOURCE_ROOT; };
		460F6690F79DF51ADDC42530 /* GestureConfig.swift */ = {isa = PBXFileReference; includeInIndex = 1; lastKnownFileType = sourcecode.swift; name = GestureConfig.swift; path = Threshold/Parameters/Config/GestureConfig.swift; sourceTree = SOURCE_ROOT; };
		461F910BC79EBF63B5C29573 /* Quartz.framework */ = {isa = PBXFileReference; lastKnownFileType = wrapper.framework; name = Quartz.framework; path = System/Library/Frameworks/Quartz.framework; sourceTree = SDKROOT; };
		464899F6A58959A5D1C10C2A /* PreviewViewController.swift */ = {isa = PBXFileReference; includeInIndex = 1; lastKnownFileType = sourcecode.swift; name = PreviewViewController.swift; path = ThresholdQuickLook/Preview/PreviewViewController.swift; sourceTree = SOURCE_ROOT; };
		48B70896A74FF36713122D42 /* MusicReactiveTypes.swift */ = {isa = PBXFileReference; includeInIndex = 1; lastKnownFileType = sourcecode.swift; name = MusicReactiveTypes.swift; path = Threshold/Audio/MusicReactiveTypes.swift; sourceTree = SOURCE_ROOT; };
		4B616F0EA5437066225F75FC /* LightingTypes.swift */ = {isa = PBXFileReference; includeInIndex = 1; lastKnownFileType = sourcecode.swift; name = LightingTypes.swift; path = Threshold/App/LightingTypes.swift; sourceTree = SOURCE_ROOT; };
		50A7E9694F361FCE00BDB336 /* ThresholdQLPreview.entitlements */ = {isa = PBXFileReference; includeInIndex = 1; lastKnownFileType = text.plist.entitlements; name = ThresholdQLPreview.entitlements; path = ThresholdQuickLook/Preview/ThresholdQLPreview.entitlements; sourceTree = SOURCE_ROOT; };
		5244C01BBFB2B31579F4E3EE /* RenderKitStubs.swift */ = {isa = PBXFileReference; includeInIndex = 1; lastKnownFileType = sourcecode.swift; name = RenderKitStubs.swift; path = ThresholdQuickLook/Shared/RenderKitStubs.swift; sourceTree = SOURCE_ROOT; };
		59638417CD90B07044530428 /* GeometryConfig.swift */ = {isa = PBXFileReference; includeInIndex = 1; lastKnownFileType = sourcecode.swift; name = GeometryConfig.swift; path = Threshold/Parameters/Config/GeometryConfig.swift; sourceTree = SOURCE_ROOT; };
		5EA8E4C86D7D5934C68FF60D /* LightingConfig.swift */ = {isa = PBXFileReference; includeInIndex = 1; lastKnownFileType = sourcecode.swift; name = LightingConfig.swift; path = Threshold/Parameters/Config/LightingConfig.swift; sourceTree = SOURCE_ROOT; };
		635171EA7CC6BB9548AE93D9 /* PerFractalGestureStore.swift */ = {isa = PBXFileReference; includeInIndex = 1; lastKnownFileType = sourcecode.swift; name = PerFractalGestureStore.swift; path = Threshold/Parameters/Config/PerFractalGestureStore.swift; sourceTree = SOURCE_ROOT; };
		65C5A19373398CF9B86F9D0E /* FingerGestureAction.swift */ = {isa = PBXFileReference; includeInIndex = 1; lastKnownFileType = sourcecode.swift; name = FingerGestureAction.swift; path = Threshold/Gestures/FingerGestureAction.swift; sourceTree = SOURCE_ROOT; };
		6A4AD30512448E51F0666C72 /* QualityPreset.swift */ = {isa = PBXFileReference; includeInIndex = 1; lastKnownFileType = sourcecode.swift; name = QualityPreset.swift; path = Threshold/Parameters/QualityPreset.swift; sourceTree = SOURCE_ROOT; };
		6CBA01BD20F6FEDB37C5234C /* MenuToggleGestureMode.swift */ = {isa = PBXFileReference; includeInIndex = 1; lastKnownFileType = sourcecode.swift; name = MenuToggleGestureMode.swift; path = Threshold/Gestures/MenuToggleGestureMode.swift; sourceTree = SOURCE_ROOT; };
		6CEF6774A4D84CB401B03A36 /* QualityConfig.swift */ = {isa = PBXFileReference; includeInIndex = 1; lastKnownFileType = sourcecode.swift; name = QualityConfig.swift; path = Threshold/Parameters/Config/QualityConfig.swift; sourceTree = SOURCE_ROOT; };
		7344C8492EECDE379CB8C40E /* ColorConfig.swift */ = {isa = PBXFileReference; includeInIndex = 1; lastKnownFileType = sourcecode.swift; name = ColorConfig.swift; path = Threshold/Parameters/Config/ColorConfig.swift; sourceTree = SOURCE_ROOT; };
		764F1C31F4299223D90BF4AD /* RenderModes.swift */ = {isa = PBXFileReference; includeInIndex = 1; lastKnownFileType = sourcecode.swift; name = RenderModes.swift; path = Threshold/Rendering/Core/RenderModes.swift; sourceTree = SOURCE_ROOT; };
		7B1A9BA403EF111AF231A886 /* ModuleRegistry.swift */ = {isa = PBXFileReference; includeInIndex = 1; lastKnownFileType = sourcecode.swift; name = ModuleRegistry.swift; path = Threshold/Parameters/ModuleRegistry.swift; sourceTree = SOURCE_ROOT; };
		7C5DC5A8A5851DF3A6EFBB2B /* SafetyBubbleConfig.swift */ = {isa = PBXFileReference; includeInIndex = 1; lastKnownFileType = sourcecode.swift; name = SafetyBubbleConfig.swift; path = Threshold/Parameters/Config/SafetyBubbleConfig.swift; sourceTree = SOURCE_ROOT; };
		7D8CAAB04BF5CAD1616D4603 /* ParameterTargetID.swift */ = {isa = PBXFileReference; includeInIndex = 1; lastKnownFileType = sourcecode.swift; name = ParameterTargetID.swift; path = Threshold/Parameters/ParameterTargetID.swift; sourceTree = SOURCE_ROOT; };
		7F8738FA26BDDEAB22BB1D45 /* HeadlessRenderer.swift */ = {isa = PBXFileReference; includeInIndex = 1; lastKnownFileType = sourcecode.swift; name = HeadlessRenderer.swift; path = ThresholdQuickLook/Shared/HeadlessRenderer.swift; sourceTree = SOURCE_ROOT; };
		7FADD50E9E8587D887633581 /* RenderSettingsSnapshot.swift */ = {isa = PBXFileReference; includeInIndex = 1; lastKnownFileType = sourcecode.swift; name = RenderSettingsSnapshot.swift; path = Threshold/Parameters/RenderSettingsSnapshot.swift; sourceTree = SOURCE_ROOT; };
		8122F0A44FF02CD067EC973E /* GestureConfig.swift */ = {isa = PBXFileReference; includeInIndex = 1; lastKnownFileType = sourcecode.swift; name = GestureConfig.swift; path = Threshold/Parameters/Config/GestureConfig.swift; sourceTree = SOURCE_ROOT; };
		87582488F40D41F77FCD4742 /* ThresholdQLThumbnail.entitlements */ = {isa = PBXFileReference; includeInIndex = 1; lastKnownFileType = text.plist.entitlements; name = ThresholdQLThumbnail.entitlements; path = ThresholdQuickLook/Thumbnail/ThresholdQLThumbnail.entitlements; sourceTree = SOURCE_ROOT; };
		88194FE4E041E69DF04FB756 /* FractalModelType.swift */ = {isa = PBXFileReference; includeInIndex = 1; lastKnownFileType = sourcecode.swift; name = FractalModelType.swift; path = Threshold/App/FractalModelType.swift; sourceTree = SOURCE_ROOT; };
		8928C631A44AC2F2A94DC149 /* SafetyBubbleConfig.swift */ = {isa = PBXFileReference; includeInIndex = 1; lastKnownFileType = sourcecode.swift; name = SafetyBubbleConfig.swift; path = Threshold/Parameters/Config/SafetyBubbleConfig.swift; sourceTree = SOURCE_ROOT; };
		8C1C85942E9794432E22B19D /* SettingsPersistence.swift */ = {isa = PBXFileReference; includeInIndex = 1; lastKnownFileType = sourcecode.swift; name = SettingsPersistence.swift; path = Threshold/Parameters/SettingsPersistence.swift; sourceTree = SOURCE_ROOT; };
		8DB40AD9308C4DF7C5D6EFEF /* RenderPrecompute.swift */ = {isa = PBXFileReference; includeInIndex = 1; lastKnownFileType = sourcecode.swift; name = RenderPrecompute.swift; path = Threshold/Rendering/Core/RenderPrecompute.swift; sourceTree = SOURCE_ROOT; };
		9C4B5D83D1E1E4E64CBF5BD7 /* SpaceWarpStackModel.swift */ = {isa = PBXFileReference; includeInIndex = 1; lastKnownFileType = sourcecode.swift; name = SpaceWarpStackModel.swift; path = Threshold/Parameters/SpaceWarpStackModel.swift; sourceTree = SOURCE_ROOT; };
		9DA88BE058FCC264F16CD64F /* Shaders.metal */ = {isa = PBXFileReference; includeInIndex = 1; name = Shaders.metal; path = Threshold/Rendering/Shaders.metal; sourceTree = SOURCE_ROOT; };
		A68D26D737236E5E1B909F41 /* RenderSettings.swift */ = {isa = PBXFileReference; includeInIndex = 1; lastKnownFileType = sourcecode.swift; name = RenderSettings.swift; path = Threshold/Parameters/RenderSettings.swift; sourceTree = SOURCE_ROOT; };
		A6EAE28F33DD4803DB243A22 /* FractalTypeDescriptor.swift */ = {isa = PBXFileReference; includeInIndex = 1; lastKnownFileType = sourcecode.swift; name = FractalTypeDescriptor.swift; path = Threshold/App/FractalTypeDescriptor.swift; sourceTree = SOURCE_ROOT; };
		A9607A53D991759363816FE3 /* Info.plist */ = {isa = PBXFileReference; includeInIndex = 1; lastKnownFileType = text.plist.xml; name = Info.plist; path = ThresholdQuickLook/Preview/Info.plist; sourceTree = SOURCE_ROOT; };
		BA51A9AC6AFB57EAC2BDAD53 /* ThumbnailProvider.swift */ = {isa = PBXFileReference; includeInIndex = 1; lastKnownFileType = sourcecode.swift; name = ThumbnailProvider.swift; path = ThresholdQuickLook/Thumbnail/ThumbnailProvider.swift; sourceTree = SOURCE_ROOT; };
		BE45FE779975297527CDE85E /* ModuleRegistry.swift */ = {isa = PBXFileReference; includeInIndex = 1; lastKnownFileType = sourcecode.swift; name = ModuleRegistry.swift; path = Threshold/Parameters/ModuleRegistry.swift; sourceTree = SOURCE_ROOT; };
		C1084066A997044935034418 /* QualityConfig.swift */ = {isa = PBXFileReference; includeInIndex = 1; lastKnownFileType = sourcecode.swift; name = QualityConfig.swift; path = Threshold/Parameters/Config/QualityConfig.swift; sourceTree = SOURCE_ROOT; };
		C2C60FE2AC612DBC45321348 /* QuickLookThumbnailing.framework */ = {isa = PBXFileReference; lastKnownFileType = wrapper.framework; name = QuickLookThumbnailing.framework; path = System/Library/Frameworks/QuickLookThumbnailing.framework; sourceTree = SDKROOT; };
		C3A4F0A1B29231AAD7C444CB /* MenuToggleGestureMode.swift */ = {isa = PBXFileReference; includeInIndex = 1; lastKnownFileType = sourcecode.swift; name = MenuToggleGestureMode.swift; path = Threshold/Gestures/MenuToggleGestureMode.swift; sourceTree = SOURCE_ROOT; };
		C41E5EB86DC4D70D12ADB6E3 /* GestureDefaults.swift */ = {isa = PBXFileReference; includeInIndex = 1; lastKnownFileType = sourcecode.swift; name = GestureDefaults.swift; path = Threshold/Parameters/Config/GestureDefaults.swift; sourceTree = SOURCE_ROOT; };
		C83DA5BCDFDAE66CBFA043D2 /* HeadlessRenderer.swift */ = {isa = PBXFileReference; includeInIndex = 1; lastKnownFileType = sourcecode.swift; name = HeadlessRenderer.swift; path = ThresholdQuickLook/Shared/HeadlessRenderer.swift; sourceTree = SOURCE_ROOT; };
		C86D9C06CB400145D31C4D82 /* ThresholdQLThumbnail.appex */ = {isa = PBXFileReference; explicitFileType = "wrapper.app-extension"; includeInIndex = 0; path = ThresholdQLThumbnail.appex; sourceTree = BUILT_PRODUCTS_DIR; };
		CCCDBB3ED932379CC49DA403 /* GradientColorSystem.swift */ = {isa = PBXFileReference; includeInIndex = 1; lastKnownFileType = sourcecode.swift; name = GradientColorSystem.swift; path = Threshold/Parameters/GradientColorSystem.swift; sourceTree = SOURCE_ROOT; };
		CDCBA0A6FCB2D6A8809201B2 /* RendererMath.swift */ = {isa = PBXFileReference; includeInIndex = 1; lastKnownFileType = sourcecode.swift; name = RendererMath.swift; path = Threshold/Rendering/Core/RendererMath.swift; sourceTree = SOURCE_ROOT; };
		CE6BB0D8C24F31498D5C679E /* ControlSpec.swift */ = {isa = PBXFileReference; includeInIndex = 1; lastKnownFileType = sourcecode.swift; name = ControlSpec.swift; path = Threshold/Parameters/ControlSpec.swift; sourceTree = SOURCE_ROOT; };
		D18F55BF6186B4399E00D835 /* RenderPrecompute.swift */ = {isa = PBXFileReference; includeInIndex = 1; lastKnownFileType = sourcecode.swift; name = RenderPrecompute.swift; path = Threshold/Rendering/Core/RenderPrecompute.swift; sourceTree = SOURCE_ROOT; };
		D38041E4EB81DB291C1BDB33 /* QualityPreset.swift */ = {isa = PBXFileReference; includeInIndex = 1; lastKnownFileType = sourcecode.swift; name = QualityPreset.swift; path = Threshold/Parameters/QualityPreset.swift; sourceTree = SOURCE_ROOT; };
		D58C40F0C81D77415131982A /* RenderSettings.swift */ = {isa = PBXFileReference; includeInIndex = 1; lastKnownFileType = sourcecode.swift; name = RenderSettings.swift; path = Threshold/Parameters/RenderSettings.swift; sourceTree = SOURCE_ROOT; };
		D63B790BD54920E047EE6FFD /* SettingsPersistence.swift */ = {isa = PBXFileReference; includeInIndex = 1; lastKnownFileType = sourcecode.swift; name = SettingsPersistence.swift; path = Threshold/Parameters/SettingsPersistence.swift; sourceTree = SOURCE_ROOT; };
		D7D716912CEAC4B100CEEA51 /* Threshold.app */ = {isa = PBXFileReference; explicitFileType = wrapper.application; includeInIndex = 0; path = Threshold.app; sourceTree = BUILT_PRODUCTS_DIR; };
		D7D716B12CEAC4B200CEEA51 /* Threshold.app */ = {isa = PBXFileReference; explicitFileType = wrapper.application; includeInIndex = 0; path = Threshold.app; sourceTree = BUILT_PRODUCTS_DIR; };
		D7E0000A2E00000000000001 /* Threshold.app */ = {isa = PBXFileReference; explicitFileType = wrapper.application; includeInIndex = 0; path = Threshold.app; sourceTree = BUILT_PRODUCTS_DIR; };
		D8A000012D00000000000001 /* ThresholdTests.xctest */ = {isa = PBXFileReference; explicitFileType = wrapper.cfbundle; includeInIndex = 0; path = ThresholdTests.xctest; sourceTree = BUILT_PRODUCTS_DIR; };
		DA064DDEBED168C1403CF9FC /* FingerGestureAction.swift */ = {isa = PBXFileReference; includeInIndex = 1; lastKnownFileType = sourcecode.swift; name = FingerGestureAction.swift; path = Threshold/Gestures/FingerGestureAction.swift; sourceTree = SOURCE_ROOT; };
		DCBC0F8B21F2F45F4CA98826 /* ParameterTargetID.swift */ = {isa = PBXFileReference; includeInIndex = 1; lastKnownFileType = sourcecode.swift; name = ParameterTargetID.swift; path = Threshold/Parameters/ParameterTargetID.swift; sourceTree = SOURCE_ROOT; };
		E4E9D983884782BF105022C3 /* MusicReactiveTypes.swift */ = {isa = PBXFileReference; includeInIndex = 1; lastKnownFileType = sourcecode.swift; name = MusicReactiveTypes.swift; path = Threshold/Audio/MusicReactiveTypes.swift; sourceTree = SOURCE_ROOT; };
		EAE2D04E4E22D694D52FED6E /* SpaceWarpStackSimplifier.swift */ = {isa = PBXFileReference; includeInIndex = 1; lastKnownFileType = sourcecode.swift; name = SpaceWarpStackSimplifier.swift; path = Threshold/Parameters/SpaceWarpStackSimplifier.swift; sourceTree = SOURCE_ROOT; };
		F0C1CAB13706454AF27E0B79 /* GeometryConfig.swift */ = {isa = PBXFileReference; includeInIndex = 1; lastKnownFileType = sourcecode.swift; name = GeometryConfig.swift; path = Threshold/Parameters/Config/GeometryConfig.swift; sourceTree = SOURCE_ROOT; };
		F327D48736FD2946792084A4 /* CustomShaderCompiler.swift */ = {isa = PBXFileReference; includeInIndex = 1; lastKnownFileType = sourcecode.swift; name = CustomShaderCompiler.swift; path = Threshold/Rendering/Core/CustomShaderCompiler.swift; sourceTree = SOURCE_ROOT; };
		F47E40981B366A3CBAB5F9FF /* ThresholdPreviewRender.swift */ = {isa = PBXFileReference; includeInIndex = 1; lastKnownFileType = sourcecode.swift; name = ThresholdPreviewRender.swift; path = ThresholdQuickLook/Shared/ThresholdPreviewRender.swift; sourceTree = SOURCE_ROOT; };
		F4AD79311697999614A63C65 /* EmbeddedMetalSources.swift */ = {isa = PBXFileReference; includeInIndex = 1; lastKnownFileType = sourcecode.swift; name = EmbeddedMetalSources.swift; path = Threshold/Rendering/Generated/EmbeddedMetalSources.swift; sourceTree = SOURCE_ROOT; };
/* End PBXFileReference section */

/* Begin PBXFileSystemSynchronizedBuildFileExceptionSet section */
		D7D716932CEAC4B100CEEA52 /* Exceptions for "Threshold" folder in "Threshold" target */ = {
			isa = PBXFileSystemSynchronizedBuildFileExceptionSet;
			membershipExceptions = (
				App/Info.plist,
				App/ThresholdiOSInfo.plist,
				App/ThresholdMacInfo.plist,
			);
			target = D7D716902CEAC4B100CEEA51 /* Threshold */;
		};
		D7D716B22CEAC4B200CEEA51 /* Exceptions for "Threshold" folder in "ThresholdMac" target */ = {
			isa = PBXFileSystemSynchronizedBuildFileExceptionSet;
			membershipExceptions = (
				App/Info.plist,
				App/ThresholdiOSInfo.plist,
				App/ThresholdMacInfo.plist,
				Audio/AppleMusicManager.swift,
				Audio/AppleMusicServiceAdapter.swift,
				Rendering/Core/RendererCoreTypes.swift,
				Rendering/Core/RendererCustomShader.swift,
				Rendering/Core/RendererFrameLoopHelpers.swift,
				Rendering/Core/RendererGameState.swift,
				Rendering/Core/RendererLoopSupport.swift,
				Rendering/Core/RendererPipelineCache.swift,
				Rendering/Core/RendererPipelineHelpers.swift,
				Rendering/Core/RendererPrecomputeHelpers.swift,
				Rendering/Core/RendererRenderSupport.swift,
				Rendering/Core/RendererScreenshot.swift,
				Rendering/Core/RendererSetupAndSession.swift,
				Rendering/Renderer.swift,
			);
			target = D7D716B62CEAC4B200CEEA51 /* ThresholdMac */;
		};
		D7E000132E00000000000001 /* Exceptions for "Threshold" folder in "ThresholdiOS" target */ = {
			isa = PBXFileSystemSynchronizedBuildFileExceptionSet;
			membershipExceptions = (
				App/Info.plist,
				App/ThresholdiOSInfo.plist,
				App/ThresholdMacInfo.plist,
				Audio/AppleMusicManagerMac.swift,
				Audio/AppleMusicServiceAdapterMac.swift,
				Rendering/Core/RendererCoreTypes.swift,
				Rendering/Core/RendererCustomShader.swift,
				Rendering/Core/RendererFrameLoopHelpers.swift,
				Rendering/Core/RendererGameState.swift,
				Rendering/Core/RendererLoopSupport.swift,
				Rendering/Core/RendererPipelineCache.swift,
				Rendering/Core/RendererPipelineHelpers.swift,
				Rendering/Core/RendererPrecomputeHelpers.swift,
				Rendering/Core/RendererRenderSupport.swift,
				Rendering/Core/RendererScreenshot.swift,
				Rendering/Core/RendererSetupAndSession.swift,
				Rendering/Renderer.swift,
			);
			target = D7E0000F2E00000000000001 /* ThresholdiOS */;
		};
/* End PBXFileSystemSynchronizedBuildFileExceptionSet section */

/* Begin PBXFileSystemSynchronizedRootGroup section */
		D7D716932CEAC4B100CEEA51 /* Threshold */ = {
			isa = PBXFileSystemSynchronizedRootGroup;
			exceptions = (
				D7D716932CEAC4B100CEEA52 /* Exceptions for "Threshold" folder in "Threshold" target */,
				D7D716B22CEAC4B200CEEA51 /* Exceptions for "Threshold" folder in "ThresholdMac" target */,
				D7E000132E00000000000001 /* Exceptions for "Threshold" folder in "ThresholdiOS" target */,
			);
			path = Threshold;
			sourceTree = "<group>";
		};
		D8A000022D00000000000001 /* ThresholdTests */ = {
			isa = PBXFileSystemSynchronizedRootGroup;
			exceptions = (
			);
			path = ThresholdTests;
			sourceTree = "<group>";
		};
/* End PBXFileSystemSynchronizedRootGroup section */

/* Begin PBXFrameworksBuildPhase section */
		21E5C4F6B3A17DCE31946FE0 /* Frameworks */ = {
			isa = PBXFrameworksBuildPhase;
			buildActionMask = 2147483647;
			files = (
				3441D8F5C723C1976E26C200 /* Cocoa.framework in Frameworks */,
				98D2A74D3C5B02E1D02B722A /* QuickLookThumbnailing.framework in Frameworks */,
				FAE9BE99080EF29739728BAE /* Metal.framework in Frameworks */,
				2C7EAB8851AB0195773861FC /* MetalKit.framework in Frameworks */,
			);
			runOnlyForDeploymentPostprocessing = 0;
		};
		B2BB89F33653C128F082DD31 /* Frameworks */ = {
			isa = PBXFrameworksBuildPhase;
			buildActionMask = 2147483647;
			files = (
				7471383080000D6FE1B3AE4F /* Cocoa.framework in Frameworks */,
				0E225CDE504396B724A44CB2 /* Quartz.framework in Frameworks */,
				AC7FCBC7A1EC2408119428A0 /* Metal.framework in Frameworks */,
				867F36FB50FF2FF0089A6F85 /* MetalKit.framework in Frameworks */,
			);
			runOnlyForDeploymentPostprocessing = 0;
		};
		D7D7168E2CEAC4B100CEEA51 /* Frameworks */ = {
			isa = PBXFrameworksBuildPhase;
			buildActionMask = 2147483647;
			files = (
			);
			runOnlyForDeploymentPostprocessing = 0;
		};
		D7D716B42CEAC4B200CEEA51 /* Frameworks */ = {
			isa = PBXFrameworksBuildPhase;
			buildActionMask = 2147483647;
			files = (
			);
			runOnlyForDeploymentPostprocessing = 0;
		};
		D7E0000D2E00000000000001 /* Frameworks */ = {
			isa = PBXFrameworksBuildPhase;
			buildActionMask = 2147483647;
			files = (
			);
			runOnlyForDeploymentPostprocessing = 0;
		};
		D8A0000D2D00000000000001 /* Frameworks */ = {
			isa = PBXFrameworksBuildPhase;
			buildActionMask = 2147483647;
			files = (
			);
			runOnlyForDeploymentPostprocessing = 0;
		};
/* End PBXFrameworksBuildPhase section */

/* Begin PBXGroup section */
		01E3C8E7FC4DE108651BAC28 /* ThresholdQLThumbnail */ = {
			isa = PBXGroup;
			children = (
				098E990A937679A90065C78C /* FractalPreset.swift */,
				D58C40F0C81D77415131982A /* RenderSettings.swift */,
				1B0B5F2A1EBDA06C1FE47532 /* RenderSettingsSnapshot.swift */,
				0D7CDBD6615F6E3B19DA79B9 /* RendererMath.swift */,
				8DB40AD9308C4DF7C5D6EFEF /* RenderPrecompute.swift */,
				764F1C31F4299223D90BF4AD /* RenderModes.swift */,
				14F1234BC5E2202FA4E954CB /* FractalModelType.swift */,
				1B12D3A962C763424A76EFA2 /* FormulaCatalog.swift */,
				A6EAE28F33DD4803DB243A22 /* FractalTypeDescriptor.swift */,
				4B616F0EA5437066225F75FC /* LightingTypes.swift */,
				CCCDBB3ED932379CC49DA403 /* GradientColorSystem.swift */,
				D38041E4EB81DB291C1BDB33 /* QualityPreset.swift */,
				2339B53F7DF0A8DF0D298E14 /* EmbeddedFormula.swift */,
				22B8ECC017055FE3AC69595D /* AudioReactiveConfig.swift */,
				7344C8492EECDE379CB8C40E /* ColorConfig.swift */,
				24B46BC576EA61A1DB77D405 /* DisplayConfig.swift */,
				F0C1CAB13706454AF27E0B79 /* GeometryConfig.swift */,
				8122F0A44FF02CD067EC973E /* GestureConfig.swift */,
				C41E5EB86DC4D70D12ADB6E3 /* GestureDefaults.swift */,
				330FD3A39D64608DAD6767FA /* LightingConfig.swift */,
				635171EA7CC6BB9548AE93D9 /* PerFractalGestureStore.swift */,
				6CEF6774A4D84CB401B03A36 /* QualityConfig.swift */,
				7C5DC5A8A5851DF3A6EFBB2B /* SafetyBubbleConfig.swift */,
				DA064DDEBED168C1403CF9FC /* FingerGestureAction.swift */,
				C3A4F0A1B29231AAD7C444CB /* MenuToggleGestureMode.swift */,
				48B70896A74FF36713122D42 /* MusicReactiveTypes.swift */,
				DCBC0F8B21F2F45F4CA98826 /* ParameterTargetID.swift */,
				D63B790BD54920E047EE6FFD /* SettingsPersistence.swift */,
				9C4B5D83D1E1E4E64CBF5BD7 /* SpaceWarpStackModel.swift */,
				1F6A566D43A4E998BFA11097 /* ControlSpec.swift */,
				EAE2D04E4E22D694D52FED6E /* SpaceWarpStackSimplifier.swift */,
				7B1A9BA403EF111AF231A886 /* ModuleRegistry.swift */,
				142A1AEC8AC1062BF4FEE067 /* Module.swift */,
				0BBC59088B8BB5606C8EE918 /* CustomShaderCompiler.swift */,
				F4AD79311697999614A63C65 /* EmbeddedMetalSources.swift */,
				9DA88BE058FCC264F16CD64F /* Shaders.metal */,
				C83DA5BCDFDAE66CBFA043D2 /* HeadlessRenderer.swift */,
				3D95D4B40B4A73AA14CB6F7D /* RenderKitStubs.swift */,
				17F88B502717F5319CC832F3 /* ThresholdPreviewRender.swift */,
				BA51A9AC6AFB57EAC2BDAD53 /* ThumbnailProvider.swift */,
				0C9CB7B4E0BE63E7EDE299B9 /* Info.plist */,
				87582488F40D41F77FCD4742 /* ThresholdQLThumbnail.entitlements */,
			);
			name = ThresholdQLThumbnail;
			sourceTree = "<group>";
		};
		16F961684398BF220A20F2B8 /* ThresholdQuickLook */ = {
			isa = PBXGroup;
			children = (
				01E3C8E7FC4DE108651BAC28 /* ThresholdQLThumbnail */,
				D7B6E33E77AFC11845D7F8E1 /* ThresholdQLPreview */,
			);
			name = ThresholdQuickLook;
			sourceTree = "<group>";
		};
		62E3213337E064001A89C66A /* Frameworks */ = {
			isa = PBXGroup;
			children = (
				C36A8ED7C98C4CA4193AAEA0 /* OS X */,
				C2C60FE2AC612DBC45321348 /* QuickLookThumbnailing.framework */,
				2D9C0FCEA23C2A00B886BC75 /* Metal.framework */,
				37D3A3272F51BBE19A3CDAD7 /* MetalKit.framework */,
				461F910BC79EBF63B5C29573 /* Quartz.framework */,
			);
			name = Frameworks;
			sourceTree = "<group>";
		};
		C36A8ED7C98C4CA4193AAEA0 /* OS X */ = {
			isa = PBXGroup;
			children = (
				0CD407A50A4FE37188F833F4 /* Cocoa.framework */,
			);
			name = "OS X";
			sourceTree = "<group>";
		};
		D7B6E33E77AFC11845D7F8E1 /* ThresholdQLPreview */ = {
			isa = PBXGroup;
			children = (
				2A191F3EEBB124AA64FEFBB4 /* FractalPreset.swift */,
				A68D26D737236E5E1B909F41 /* RenderSettings.swift */,
				7FADD50E9E8587D887633581 /* RenderSettingsSnapshot.swift */,
				CDCBA0A6FCB2D6A8809201B2 /* RendererMath.swift */,
				D18F55BF6186B4399E00D835 /* RenderPrecompute.swift */,
				3A2DF7D676A209685F80554F /* RenderModes.swift */,
				88194FE4E041E69DF04FB756 /* FractalModelType.swift */,
				0CF8752D5719FA6DDBAC87DA /* FormulaCatalog.swift */,
				1442C28B5E3323F5A030B812 /* FractalTypeDescriptor.swift */,
				1A22F1E19BB2AFF9E920AB53 /* LightingTypes.swift */,
				092CEBD8544DB5373A50D928 /* GradientColorSystem.swift */,
				6A4AD30512448E51F0666C72 /* QualityPreset.swift */,
				2E7DFDCAF679AC1C6E7BE8C0 /* EmbeddedFormula.swift */,
				1053A750DCDDE5FC276B5F3A /* AudioReactiveConfig.swift */,
				3C719FC5AD7D80C767B9CD28 /* ColorConfig.swift */,
				3B9E073BC1CCAC67A90792D0 /* DisplayConfig.swift */,
				59638417CD90B07044530428 /* GeometryConfig.swift */,
				460F6690F79DF51ADDC42530 /* GestureConfig.swift */,
				44F4A0D7DCA754169CA2BAA1 /* GestureDefaults.swift */,
				5EA8E4C86D7D5934C68FF60D /* LightingConfig.swift */,
				33AAA69AC00E42073C15F838 /* PerFractalGestureStore.swift */,
				C1084066A997044935034418 /* QualityConfig.swift */,
				8928C631A44AC2F2A94DC149 /* SafetyBubbleConfig.swift */,
				65C5A19373398CF9B86F9D0E /* FingerGestureAction.swift */,
				6CBA01BD20F6FEDB37C5234C /* MenuToggleGestureMode.swift */,
				E4E9D983884782BF105022C3 /* MusicReactiveTypes.swift */,
				7D8CAAB04BF5CAD1616D4603 /* ParameterTargetID.swift */,
				8C1C85942E9794432E22B19D /* SettingsPersistence.swift */,
				35EB9CD89A47D63854AE2A97 /* SpaceWarpStackModel.swift */,
				CE6BB0D8C24F31498D5C679E /* ControlSpec.swift */,
				088A86FAE62DA5A245408A1F /* SpaceWarpStackSimplifier.swift */,
				BE45FE779975297527CDE85E /* ModuleRegistry.swift */,
				1405AA7E0099BE085E2CDAFF /* Module.swift */,
				F327D48736FD2946792084A4 /* CustomShaderCompiler.swift */,
				34BA4BF452165EB09D2A74AC /* EmbeddedMetalSources.swift */,
				20EA82FA2BB7C1B38D87B821 /* Shaders.metal */,
				7F8738FA26BDDEAB22BB1D45 /* HeadlessRenderer.swift */,
				5244C01BBFB2B31579F4E3EE /* RenderKitStubs.swift */,
				F47E40981B366A3CBAB5F9FF /* ThresholdPreviewRender.swift */,
				464899F6A58959A5D1C10C2A /* PreviewViewController.swift */,
				4249DE37D4A8F3828380A567 /* InteractiveFractalView.swift */,
				A9607A53D991759363816FE3 /* Info.plist */,
				50A7E9694F361FCE00BDB336 /* ThresholdQLPreview.entitlements */,
			);
			name = ThresholdQLPreview;
			sourceTree = "<group>";
		};
		D7D716882CEAC4B100CEEA51 = {
			isa = PBXGroup;
			children = (
				D7D716932CEAC4B100CEEA51 /* Threshold */,
				D8A000022D00000000000001 /* ThresholdTests */,
				D7D716922CEAC4B100CEEA51 /* Products */,
				16F961684398BF220A20F2B8 /* ThresholdQuickLook */,
				62E3213337E064001A89C66A /* Frameworks */,
			);
			sourceTree = "<group>";
		};
		D7D716922CEAC4B100CEEA51 /* Products */ = {
			isa = PBXGroup;
			children = (
				D7D716912CEAC4B100CEEA51 /* Threshold.app */,
				D7D716B12CEAC4B200CEEA51 /* Threshold.app */,
				D8A000012D00000000000001 /* ThresholdTests.xctest */,
				D7E0000A2E00000000000001 /* Threshold.app */,
				C86D9C06CB400145D31C4D82 /* ThresholdQLThumbnail.appex */,
				1A5291D859C108E16FABC3B4 /* ThresholdQLPreview.appex */,
			);
			name = Products;
			sourceTree = "<group>";
		};
/* End PBXGroup section */

/* Begin PBXNativeTarget section */
		455EA762396683E298589FD0 /* ThresholdQLThumbnail */ = {
			isa = PBXNativeTarget;
			buildConfigurationList = 48DFEB43656600513BA621B1 /* Build configuration list for PBXNativeTarget "ThresholdQLThumbnail" */;
			buildPhases = (
				E22911A6F2439CA1803DA8B7 /* Sources */,
				21E5C4F6B3A17DCE31946FE0 /* Frameworks */,
				242CC3FCDBDEEBF22D15F7FC /* Resources */,
			);
			buildRules = (
			);
			dependencies = (
			);
			name = ThresholdQLThumbnail;
			productName = ThresholdQLThumbnail;
			productReference = C86D9C06CB400145D31C4D82 /* ThresholdQLThumbnail.appex */;
			productType = "com.apple.product-type.app-extension";
		};
		D29CF86F86D18C580CA06124 /* ThresholdQLPreview */ = {
			isa = PBXNativeTarget;
			buildConfigurationList = F210C1E0170D25310F8233AF /* Build configuration list for PBXNativeTarget "ThresholdQLPreview" */;
			buildPhases = (
				BE61D441F757133621DD6F39 /* Sources */,
				B2BB89F33653C128F082DD31 /* Frameworks */,
				22AF89C4899425F42F33B025 /* Resources */,
			);
			buildRules = (
			);
			dependencies = (
			);
			name = ThresholdQLPreview;
			productName = ThresholdQLPreview;
			productReference = 1A5291D859C108E16FABC3B4 /* ThresholdQLPreview.appex */;
			productType = "com.apple.product-type.app-extension";
		};
		D7D716902CEAC4B100CEEA51 /* Threshold */ = {
			isa = PBXNativeTarget;
			buildConfigurationList = D7D716AC2CEAC4B200CEEA51 /* Build configuration list for PBXNativeTarget "Threshold" */;
			buildPhases = (
				D7D7168D2CEAC4B100CEEA51 /* Sources */,
				D7D7168E2CEAC4B100CEEA51 /* Frameworks */,
				D7D7168F2CEAC4B100CEEA51 /* Resources */,
				D7B3C4000000000000000001 /* Stamp Git SHA */,
			);
			buildRules = (
			);
			dependencies = (
			);
			fileSystemSynchronizedGroups = (
				D7D716932CEAC4B100CEEA51 /* Threshold */,
			);
			name = Threshold;
			productName = MetalProject;
			productReference = D7D716912CEAC4B100CEEA51 /* Threshold.app */;
			productType = "com.apple.product-type.application";
		};
		D7D716B62CEAC4B200CEEA51 /* ThresholdMac */ = {
			isa = PBXNativeTarget;
			buildConfigurationList = D7D716B92CEAC4B200CEEA51 /* Build configuration list for PBXNativeTarget "ThresholdMac" */;
			buildPhases = (
				D7D716B32CEAC4B200CEEA51 /* Sources */,
				D7D716B42CEAC4B200CEEA51 /* Frameworks */,
				D7D716B52CEAC4B200CEEA51 /* Resources */,
				484A83441DFAD497CC97D953 /* Embed App Extensions */,
			);
			buildRules = (
			);
			dependencies = (
				2743E03EF8EA619B8AFBF3D4 /* PBXTargetDependency */,
				B89A2C623C27D1A520B79E53 /* PBXTargetDependency */,
			);
			fileSystemSynchronizedGroups = (
				D7D716932CEAC4B100CEEA51 /* Threshold */,
			);
			name = ThresholdMac;
			productName = Threshold;
			productReference = D7D716B12CEAC4B200CEEA51 /* Threshold.app */;
			productType = "com.apple.product-type.application";
		};
		D7E0000F2E00000000000001 /* ThresholdiOS */ = {
			isa = PBXNativeTarget;
			buildConfigurationList = D7E000102E00000000000001 /* Build configuration list for PBXNativeTarget "ThresholdiOS" */;
			buildPhases = (
				D7E0000C2E00000000000001 /* Sources */,
				D7E0000D2E00000000000001 /* Frameworks */,
				D7E0000E2E00000000000001 /* Resources */,
			);
			buildRules = (
			);
			dependencies = (
			);
			fileSystemSynchronizedGroups = (
				D7D716932CEAC4B100CEEA51 /* Threshold */,
			);
			name = ThresholdiOS;
			productName = ThresholdiOS;
			productReference = D7E0000A2E00000000000001 /* Threshold.app */;
			productType = "com.apple.product-type.application";
		};
		D8A000062D00000000000001 /* ThresholdTests */ = {
			isa = PBXNativeTarget;
			buildConfigurationList = D8A0000B2D00000000000001 /* Build configuration list for PBXNativeTarget "ThresholdTests" */;
			buildPhases = (
				D8A0000C2D00000000000001 /* Sources */,
				D8A0000D2D00000000000001 /* Frameworks */,
			);
			buildRules = (
			);
			dependencies = (
				D8A000082D00000000000001 /* PBXTargetDependency */,
			);
			fileSystemSynchronizedGroups = (
				D8A000022D00000000000001 /* ThresholdTests */,
			);
			name = ThresholdTests;
			productName = ThresholdTests;
			productReference = D8A000012D00000000000001 /* ThresholdTests.xctest */;
			productType = "com.apple.product-type.bundle.unit-test";
		};
/* End PBXNativeTarget section */

/* Begin PBXProject section */
		D7D716892CEAC4B100CEEA51 /* Project object */ = {
			isa = PBXProject;
			attributes = {
				BuildIndependentTargetsInParallel = 1;
				LastSwiftUpdateCheck = 1610;
				LastUpgradeCheck = 2650;
				TargetAttributes = {
					D7D716902CEAC4B100CEEA51 = {
						CreatedOnToolsVersion = 16.1;
					};
					D7D716B62CEAC4B200CEEA51 = {
						CreatedOnToolsVersion = 16.1;
					};
					D7E0000F2E00000000000001 = {
						CreatedOnToolsVersion = 26.0;
					};
					D8A000062D00000000000001 = {
						CreatedOnToolsVersion = 26.0;
						TestTargetID = D7D716B62CEAC4B200CEEA51;
					};
				};
			};
			buildConfigurationList = D7D7168C2CEAC4B100CEEA51 /* Build configuration list for PBXProject "Threshold" */;
			developmentRegion = en;
			hasScannedForEncodings = 0;
			knownRegions = (
				en,
				Base,
			);
			mainGroup = D7D716882CEAC4B100CEEA51;
			minimizedProjectReferenceProxies = 1;
			preferredProjectObjectVersion = 77;
			productRefGroup = D7D716922CEAC4B100CEEA51 /* Products */;
			projectDirPath = "";
			projectRoot = "";
			targets = (
				D7D716902CEAC4B100CEEA51 /* Threshold */,
				D7D716B62CEAC4B200CEEA51 /* ThresholdMac */,
				D7E0000F2E00000000000001 /* ThresholdiOS */,
				D8A000062D00000000000001 /* ThresholdTests */,
				455EA762396683E298589FD0 /* ThresholdQLThumbnail */,
				D29CF86F86D18C580CA06124 /* ThresholdQLPreview */,
			);
		};
/* End PBXProject section */

/* Begin PBXResourcesBuildPhase section */
		22AF89C4899425F42F33B025 /* Resources */ = {
			isa = PBXResourcesBuildPhase;
			buildActionMask = 2147483647;
			files = (
			);
			runOnlyForDeploymentPostprocessing = 0;
		};
		242CC3FCDBDEEBF22D15F7FC /* Resources */ = {
			isa = PBXResourcesBuildPhase;
			buildActionMask = 2147483647;
			files = (
			);
			runOnlyForDeploymentPostprocessing = 0;
		};
		D7D7168F2CEAC4B100CEEA51 /* Resources */ = {
			isa = PBXResourcesBuildPhase;
			buildActionMask = 2147483647;
			files = (
			);
			runOnlyForDeploymentPostprocessing = 0;
		};
		D7D716B52CEAC4B200CEEA51 /* Resources */ = {
			isa = PBXResourcesBuildPhase;
			buildActionMask = 2147483647;
			files = (
			);
			runOnlyForDeploymentPostprocessing = 0;
		};
		D7E0000E2E00000000000001 /* Resources */ = {
			isa = PBXResourcesBuildPhase;
			buildActionMask = 2147483647;
			files = (
			);
			runOnlyForDeploymentPostprocessing = 0;
		};
/* End PBXResourcesBuildPhase section */

/* Begin PBXShellScriptBuildPhase section */
		D7B3C4000000000000000001 /* Stamp Git SHA */ = {
			isa = PBXShellScriptBuildPhase;
			alwaysOutOfDate = 1;
			buildActionMask = 2147483647;
			files = (
			);
			inputFileListPaths = (
			);
			inputPaths = (
			);
			name = "Stamp Git SHA";
			outputFileListPaths = (
			);
			outputPaths = (
			);
			runOnlyForDeploymentPostprocessing = 0;
			shellPath = /bin/sh;
			shellScript = "\"${SRCROOT}/Scripts/stamp_git_sha.sh\"\n";
		};
/* End PBXShellScriptBuildPhase section */

/* Begin PBXSourcesBuildPhase section */
		BE61D441F757133621DD6F39 /* Sources */ = {
			isa = PBXSourcesBuildPhase;
			buildActionMask = 2147483647;
			files = (
				325917EED7E9737D2F6EC8AA /* FractalPreset.swift in Sources */,
				A4EB52EB8E873FA78FD21534 /* RenderSettings.swift in Sources */,
				9CD00840FC72C012FFE4A18C /* RenderSettingsSnapshot.swift in Sources */,
				9A8D93C25DDA331A4EEB4DF8 /* RendererMath.swift in Sources */,
				64CAF74B2828F955D432E472 /* RenderPrecompute.swift in Sources */,
				CAFD8E5F1B60B660BD04E6BD /* RenderModes.swift in Sources */,
				B8F172360F77EB0440328D3D /* FractalModelType.swift in Sources */,
				0CE73EC158149FCA62574D6E /* FormulaCatalog.swift in Sources */,
				CD6D459B47F013B2FFFC32BC /* FractalTypeDescriptor.swift in Sources */,
				F0ACD38E37965F3075BBC3D1 /* LightingTypes.swift in Sources */,
				365D56C6DD7A2E03010F1BE5 /* GradientColorSystem.swift in Sources */,
				40F7E026C31B96391994D205 /* QualityPreset.swift in Sources */,
				1D3BE951AD6C5F103AD4DC15 /* EmbeddedFormula.swift in Sources */,
				14803CAED81F27443EA438EF /* AudioReactiveConfig.swift in Sources */,
				9316FA75D6711FC1529AB16F /* ColorConfig.swift in Sources */,
				5767D5DD1BA55EDFEBD4B371 /* DisplayConfig.swift in Sources */,
				9A11C739C2E9BE77F507D346 /* GeometryConfig.swift in Sources */,
				00F658BBA5265DB38A09012E /* GestureConfig.swift in Sources */,
				39ED0017E6F2DF0564B6C8A6 /* GestureDefaults.swift in Sources */,
				13347774F584E48BBC09FD7B /* LightingConfig.swift in Sources */,
				7D190DBBF5457FD628713C2A /* PerFractalGestureStore.swift in Sources */,
				10615399B645EA9CE2AC858C /* QualityConfig.swift in Sources */,
				D56797594E80873A9ED04DAC /* SafetyBubbleConfig.swift in Sources */,
				9380B3B97D58CF9B47129B4C /* FingerGestureAction.swift in Sources */,
				1BFCB25464279471D93F1A2F /* MenuToggleGestureMode.swift in Sources */,
				0F8547D690214FCFDAED1F56 /* MusicReactiveTypes.swift in Sources */,
				E6614B7A7F2160C3D7C0AEFE /* ParameterTargetID.swift in Sources */,
				E3E80617CC6E9A4114D1E0E3 /* SettingsPersistence.swift in Sources */,
				3D64F4E68ECB6E1182B79064 /* SpaceWarpStackModel.swift in Sources */,
				A4ADEBD0CC81DD91C07D27D5 /* ControlSpec.swift in Sources */,
				FCDB58C7C1A84EB9775EC10A /* SpaceWarpStackSimplifier.swift in Sources */,
				3CBFD15AD0AA1A7FE78E5723 /* ModuleRegistry.swift in Sources */,
				6188AB7347DC2DA1B018864C /* Module.swift in Sources */,
				2F52F62E3336970A7D92BDD9 /* CustomShaderCompiler.swift in Sources */,
				9C32C3D42C90797FD16CB06A /* EmbeddedMetalSources.swift in Sources */,
				0FF01709623DECB8F0C39763 /* Shaders.metal in Sources */,
				D56F197B222D90EEAA162F20 /* HeadlessRenderer.swift in Sources */,
				D36FA42814E8500C056E752E /* RenderKitStubs.swift in Sources */,
				DFAC9921D8F278098A6BE549 /* ThresholdPreviewRender.swift in Sources */,
				878043659D1137664E651D11 /* PreviewViewController.swift in Sources */,
				B71A7E876A3EAF736A141FCA /* InteractiveFractalView.swift in Sources */,
			);
			runOnlyForDeploymentPostprocessing = 0;
		};
		D7D7168D2CEAC4B100CEEA51 /* Sources */ = {
			isa = PBXSourcesBuildPhase;
			buildActionMask = 2147483647;
			files = (
			);
			runOnlyForDeploymentPostprocessing = 0;
		};
		D7D716B32CEAC4B200CEEA51 /* Sources */ = {
			isa = PBXSourcesBuildPhase;
			buildActionMask = 2147483647;
			files = (
			);
			runOnlyForDeploymentPostprocessing = 0;
		};
		D7E0000C2E00000000000001 /* Sources */ = {
			isa = PBXSourcesBuildPhase;
			buildActionMask = 2147483647;
			files = (
			);
			runOnlyForDeploymentPostprocessing = 0;
		};
		D8A0000C2D00000000000001 /* Sources */ = {
			isa = PBXSourcesBuildPhase;
			buildActionMask = 2147483647;
			files = (
			);
			runOnlyForDeploymentPostprocessing = 0;
		};
		E22911A6F2439CA1803DA8B7 /* Sources */ = {
			isa = PBXSourcesBuildPhase;
			buildActionMask = 2147483647;
			files = (
				D82A5146E11D4D4C0133CD95 /* FractalPreset.swift in Sources */,
				3324964C905C179B95F9A2F2 /* RenderSettings.swift in Sources */,
				19875B8F4E3B92349696DCBC /* RenderSettingsSnapshot.swift in Sources */,
				43DEA6CB9E376548333DEABE /* RendererMath.swift in Sources */,
				304679E6B344CBBEBF13F373 /* RenderPrecompute.swift in Sources */,
				ED36A745765CFF6690F54496 /* RenderModes.swift in Sources */,
				3F8FE344D7DCDCBC70C126EB /* FractalModelType.swift in Sources */,
				79DD7BBDA2099CC120B243AE /* FormulaCatalog.swift in Sources */,
				E537803E0131B3BDEDFE0195 /* FractalTypeDescriptor.swift in Sources */,
				7E5CD6A23E534D8D3D410E90 /* LightingTypes.swift in Sources */,
				EB2D9C9BBA487FB2C885555A /* GradientColorSystem.swift in Sources */,
				F7DADA93ABE18D4E82ED74C8 /* QualityPreset.swift in Sources */,
				085500D0AB56AA7F0991F6F4 /* EmbeddedFormula.swift in Sources */,
				A2DA160BF98F66B98DFD54A6 /* AudioReactiveConfig.swift in Sources */,
				C6923FC2186B6AA49936070F /* ColorConfig.swift in Sources */,
				B3DEF1FEBF060F80C4A5424E /* DisplayConfig.swift in Sources */,
				8A2DF225D8ED5F2A17B88E14 /* GeometryConfig.swift in Sources */,
				163AFB266770B9B2BC82C950 /* GestureConfig.swift in Sources */,
				441A4C56EB1726A442FB2C0A /* GestureDefaults.swift in Sources */,
				0AEFFF2E4770FE0642DE2B69 /* LightingConfig.swift in Sources */,
				2D8B97554E5613FEDD6B862A /* PerFractalGestureStore.swift in Sources */,
				515CFF16710FD7C630034E52 /* QualityConfig.swift in Sources */,
				819FB6DC006BF66174FC5573 /* SafetyBubbleConfig.swift in Sources */,
				1EB181B7FC412501B83DD212 /* FingerGestureAction.swift in Sources */,
				59DF3AA218082725289628F2 /* MenuToggleGestureMode.swift in Sources */,
				D323820D26077976A87603F5 /* MusicReactiveTypes.swift in Sources */,
				8B2DE175A56C8DB3265BF214 /* ParameterTargetID.swift in Sources */,
				67B7B56C7AEC17CEC344928D /* SettingsPersistence.swift in Sources */,
				0A694F27C614C6A6CDD4D1F6 /* SpaceWarpStackModel.swift in Sources */,
				E9E6A22A1E5BC6801166265D /* ControlSpec.swift in Sources */,
				0433720B0291CA83F3B2994B /* SpaceWarpStackSimplifier.swift in Sources */,
				611285ED59BD1AB1C83EC0E1 /* ModuleRegistry.swift in Sources */,
				804B62CDA16A6C1ACDC137A3 /* Module.swift in Sources */,
				3EAF4CBDCA08CA27CB6612FF /* CustomShaderCompiler.swift in Sources */,
				E4746E81E82EF1BE0E904B56 /* EmbeddedMetalSources.swift in Sources */,
				7DF7CA8491EF7F8A3F3A0491 /* Shaders.metal in Sources */,
				E773114AD067C3F06D14399E /* HeadlessRenderer.swift in Sources */,
				7630007D28CB6330DDB52661 /* RenderKitStubs.swift in Sources */,
				F641960371E6EF18BB1A131C /* ThresholdPreviewRender.swift in Sources */,
				034BDEB1DB58567C7CC17A72 /* ThumbnailProvider.swift in Sources */,
			);
			runOnlyForDeploymentPostprocessing = 0;
		};
/* End PBXSourcesBuildPhase section */

/* Begin PBXTargetDependency section */
		2743E03EF8EA619B8AFBF3D4 /* PBXTargetDependency */ = {
			isa = PBXTargetDependency;
			name = ThresholdQLThumbnail;
			target = 455EA762396683E298589FD0 /* ThresholdQLThumbnail */;
			targetProxy = E49BA58C75B84E006D03A5B9 /* PBXContainerItemProxy */;
		};
		B89A2C623C27D1A520B79E53 /* PBXTargetDependency */ = {
			isa = PBXTargetDependency;
			name = ThresholdQLPreview;
			target = D29CF86F86D18C580CA06124 /* ThresholdQLPreview */;
			targetProxy = 5E6817C2ED7BCB7B78521290 /* PBXContainerItemProxy */;
		};
		D8A000082D00000000000001 /* PBXTargetDependency */ = {
			isa = PBXTargetDependency;
			target = D7D716B62CEAC4B200CEEA51 /* ThresholdMac */;
			targetProxy = D8A000072D00000000000001 /* PBXContainerItemProxy */;
		};
/* End PBXTargetDependency section */

/* Begin XCBuildConfiguration section */
		681B9792655A8E6565832B92 /* Release */ = {
			isa = XCBuildConfiguration;
			buildSettings = {
				CODE_SIGN_ENTITLEMENTS = ThresholdQuickLook/Preview/ThresholdQLPreview.entitlements;
				CODE_SIGN_STYLE = Automatic;
				DEVELOPMENT_TEAM = PMHYFM3SU4;
				ENABLE_HARDENED_RUNTIME = YES;
				GENERATE_INFOPLIST_FILE = NO;
				INFOPLIST_FILE = ThresholdQuickLook/Preview/Info.plist;
				LD_RUNPATH_SEARCH_PATHS = (
					"$(inherited)",
					"@executable_path/../../../../Frameworks",
				);
				MACOSX_DEPLOYMENT_TARGET = 26.0;
				MTL_HEADER_SEARCH_PATHS = "$(inherited)";
				PRODUCT_BUNDLE_IDENTIFIER = com.puppypower.Threshold.QLPreview;
				PRODUCT_NAME = "$(TARGET_NAME)";
				SDKROOT = macosx;
				SKIP_INSTALL = YES;
				SWIFT_OBJC_BRIDGING_HEADER = Threshold/Rendering/ShaderTypes.h;
				SWIFT_VERSION = 6.0;
			};
			name = Release;
		};
		834C06353B19956D63F2DB11 /* Release */ = {
			isa = XCBuildConfiguration;
			buildSettings = {
				CODE_SIGN_ENTITLEMENTS = ThresholdQuickLook/Thumbnail/ThresholdQLThumbnail.entitlements;
				CODE_SIGN_STYLE = Automatic;
				DEVELOPMENT_TEAM = PMHYFM3SU4;
				ENABLE_HARDENED_RUNTIME = YES;
				GENERATE_INFOPLIST_FILE = NO;
				INFOPLIST_FILE = ThresholdQuickLook/Thumbnail/Info.plist;
				LD_RUNPATH_SEARCH_PATHS = (
					"$(inherited)",
					"@executable_path/../../../../Frameworks",
				);
				MACOSX_DEPLOYMENT_TARGET = 26.0;
				MTL_HEADER_SEARCH_PATHS = "$(inherited)";
				PRODUCT_BUNDLE_IDENTIFIER = com.puppypower.Threshold.QLThumbnail;
				PRODUCT_NAME = "$(TARGET_NAME)";
				SDKROOT = macosx;
				SKIP_INSTALL = YES;
				SWIFT_OBJC_BRIDGING_HEADER = Threshold/Rendering/ShaderTypes.h;
				SWIFT_VERSION = 6.0;
			};
			name = Release;
		};
		C5251AC46FA015B65B51556A /* Debug */ = {
			isa = XCBuildConfiguration;
			buildSettings = {
				CODE_SIGN_ENTITLEMENTS = ThresholdQuickLook/Preview/ThresholdQLPreview.entitlements;
				CODE_SIGN_STYLE = Automatic;
				DEVELOPMENT_TEAM = PMHYFM3SU4;
				ENABLE_HARDENED_RUNTIME = YES;
				GENERATE_INFOPLIST_FILE = NO;
				INFOPLIST_FILE = ThresholdQuickLook/Preview/Info.plist;
				LD_RUNPATH_SEARCH_PATHS = (
					"$(inherited)",
					"@executable_path/../../../../Frameworks",
				);
				MACOSX_DEPLOYMENT_TARGET = 26.0;
				MTL_HEADER_SEARCH_PATHS = "$(inherited)";
				PRODUCT_BUNDLE_IDENTIFIER = com.puppypower.Threshold.QLPreview;
				PRODUCT_NAME = "$(TARGET_NAME)";
				SDKROOT = macosx;
				SKIP_INSTALL = YES;
				SWIFT_OBJC_BRIDGING_HEADER = Threshold/Rendering/ShaderTypes.h;
				SWIFT_VERSION = 6.0;
			};
			name = Debug;
		};
		CD9E3E1B8FBBFA576FE998DE /* Debug */ = {
			isa = XCBuildConfiguration;
			buildSettings = {
				CODE_SIGN_ENTITLEMENTS = ThresholdQuickLook/Thumbnail/ThresholdQLThumbnail.entitlements;
				CODE_SIGN_STYLE = Automatic;
				DEVELOPMENT_TEAM = PMHYFM3SU4;
				ENABLE_HARDENED_RUNTIME = YES;
				GENERATE_INFOPLIST_FILE = NO;
				INFOPLIST_FILE = ThresholdQuickLook/Thumbnail/Info.plist;
				LD_RUNPATH_SEARCH_PATHS = (
					"$(inherited)",
					"@executable_path/../../../../Frameworks",
				);
				MACOSX_DEPLOYMENT_TARGET = 26.0;
				MTL_HEADER_SEARCH_PATHS = "$(inherited)";
				PRODUCT_BUNDLE_IDENTIFIER = com.puppypower.Threshold.QLThumbnail;
				PRODUCT_NAME = "$(TARGET_NAME)";
				SDKROOT = macosx;
				SKIP_INSTALL = YES;
				SWIFT_OBJC_BRIDGING_HEADER = Threshold/Rendering/ShaderTypes.h;
				SWIFT_VERSION = 6.0;
			};
			name = Debug;
		};
		D7D716AD2CEAC4B200CEEA51 /* Debug */ = {
			isa = XCBuildConfiguration;
			buildSettings = {
				ASSETCATALOG_COMPILER_APPICON_NAME = AppIcon;
				ASSETCATALOG_COMPILER_GLOBAL_ACCENT_COLOR_NAME = AccentColor;
				CLANG_USE_OPTIMIZATION_PROFILE = YES;
				CODE_SIGN_ENTITLEMENTS = Threshold/Threshold.entitlements;
				CODE_SIGN_IDENTITY = "Apple Development";
				CODE_SIGN_STYLE = Automatic;
				CURRENT_PROJECT_VERSION = 20;
				DEVELOPMENT_ASSET_PATHS = "";
				DEVELOPMENT_TEAM = PMHYFM3SU4;
				ENABLE_PREVIEWS = YES;
				ENABLE_USER_SCRIPT_SANDBOXING = NO;
				EXCLUDED_RESOURCE_FILE_NAMES = App/Info.plist;
				EXCLUDED_SOURCE_FILE_NAMES = App/Info.plist;
				EXECUTABLE_NAME = Threshold;
				GENERATE_INFOPLIST_FILE = YES;
				INFOPLIST_FILE = "$(TARGET_NAME)/App/Info.plist";
				INFOPLIST_KEY_CFBundleDisplayName = Threshold;
				INFOPLIST_KEY_NSAppleMusicUsageDescription = "Threshold uses Apple Music to let you browse your library, select songs and playlists, and drive audio-reactive visuals.";
				INFOPLIST_KEY_NSHandsTrackingUsageDescription = "Hand tracking is used to interact with some parameters.";
				INFOPLIST_KEY_NSMicrophoneUsageDescription = "Threshold uses the microphone for real-time audio-reactive fractal visualization.";
				INFOPLIST_KEY_NSWorldSensingUsageDescription = "This app uses world sensing to track hand gestures for controlling the fractal visualization.";
				LD_RUNPATH_SEARCH_PATHS = (
					"$(inherited)",
					"@executable_path/Frameworks",
				);
				MARKETING_VERSION = 1;
				PRODUCT_BUNDLE_IDENTIFIER = com.puppypower.Threshold;
				PRODUCT_NAME = "$(TARGET_NAME)";
				PROVISIONING_PROFILE_SPECIFIER = "";
				SUPPORTED_PLATFORMS = "xros xrsimulator";
				SWIFT_EMIT_LOC_STRINGS = YES;
				SWIFT_OBJC_BRIDGING_HEADER = "$(TARGET_NAME)/Rendering/ShaderTypes.h";
				SWIFT_VERSION = 6.0;
				TARGETED_DEVICE_FAMILY = 7;
				XROS_DEPLOYMENT_TARGET = 26.0;
			};
			name = Debug;
		};
		D7D716AE2CEAC4B200CEEA51 /* Release */ = {
			isa = XCBuildConfiguration;
			buildSettings = {
				ASSETCATALOG_COMPILER_APPICON_NAME = AppIcon;
				ASSETCATALOG_COMPILER_GLOBAL_ACCENT_COLOR_NAME = AccentColor;
				CLANG_USE_OPTIMIZATION_PROFILE = YES;
				CODE_SIGN_ENTITLEMENTS = Threshold/Threshold.entitlements;
				CODE_SIGN_IDENTITY = "Apple Development";
				CODE_SIGN_STYLE = Automatic;
				CURRENT_PROJECT_VERSION = 20;
				DEBUG_INFORMATION_FORMAT = "dwarf-with-dsym";
				DEVELOPMENT_ASSET_PATHS = "";
				DEVELOPMENT_TEAM = PMHYFM3SU4;
				ENABLE_PREVIEWS = YES;
				ENABLE_USER_SCRIPT_SANDBOXING = NO;
				EXCLUDED_RESOURCE_FILE_NAMES = App/Info.plist;
				EXCLUDED_SOURCE_FILE_NAMES = App/Info.plist;
				EXECUTABLE_NAME = Threshold;
				GENERATE_INFOPLIST_FILE = YES;
				INFOPLIST_FILE = "$(TARGET_NAME)/App/Info.plist";
				INFOPLIST_KEY_CFBundleDisplayName = Threshold;
				INFOPLIST_KEY_NSAppleMusicUsageDescription = "Threshold uses Apple Music to let you browse your library, select songs and playlists, and drive audio-reactive visuals.";
				INFOPLIST_KEY_NSHandsTrackingUsageDescription = "Hand tracking is used to interact with some parameters.";
				INFOPLIST_KEY_NSMicrophoneUsageDescription = "Threshold uses the microphone for real-time audio-reactive fractal visualization.";
				INFOPLIST_KEY_NSWorldSensingUsageDescription = "This app uses world sensing to track hand gestures for controlling the fractal visualization.";
				LD_RUNPATH_SEARCH_PATHS = (
					"$(inherited)",
					"@executable_path/Frameworks",
				);
				MARKETING_VERSION = 1;
				PRODUCT_BUNDLE_IDENTIFIER = com.puppypower.Threshold;
				PRODUCT_NAME = "$(TARGET_NAME)";
				PROVISIONING_PROFILE_SPECIFIER = "";
				SUPPORTED_PLATFORMS = "xros xrsimulator";
				SWIFT_EMIT_LOC_STRINGS = YES;
				SWIFT_OBJC_BRIDGING_HEADER = "$(TARGET_NAME)/Rendering/ShaderTypes.h";
				SWIFT_VERSION = 6.0;
				TARGETED_DEVICE_FAMILY = 7;
				XROS_DEPLOYMENT_TARGET = 26.0;
			};
			name = Release;
		};
		D7D716AF2CEAC4B200CEEA51 /* Debug */ = {
			isa = XCBuildConfiguration;
			buildSettings = {
				ALWAYS_SEARCH_USER_PATHS = NO;
				ASSETCATALOG_COMPILER_GENERATE_SWIFT_ASSET_SYMBOL_EXTENSIONS = YES;
				CLANG_ANALYZER_NONNULL = YES;
				CLANG_ANALYZER_NUMBER_OBJECT_CONVERSION = YES_AGGRESSIVE;
				CLANG_CXX_LANGUAGE_STANDARD = "gnu++20";
				CLANG_ENABLE_MODULES = YES;
				CLANG_ENABLE_OBJC_ARC = YES;
				CLANG_ENABLE_OBJC_WEAK = YES;
				CLANG_WARN_BLOCK_CAPTURE_AUTORELEASING = YES;
				CLANG_WARN_BOOL_CONVERSION = YES;
				CLANG_WARN_COMMA = YES;
				CLANG_WARN_CONSTANT_CONVERSION = YES;
				CLANG_WARN_DEPRECATED_OBJC_IMPLEMENTATIONS = YES;
				CLANG_WARN_DIRECT_OBJC_ISA_USAGE = YES_ERROR;
				CLANG_WARN_DOCUMENTATION_COMMENTS = YES;
				CLANG_WARN_EMPTY_BODY = YES;
				CLANG_WARN_ENUM_CONVERSION = YES;
				CLANG_WARN_INFINITE_RECURSION = YES;
				CLANG_WARN_INT_CONVERSION = YES;
				CLANG_WARN_NON_LITERAL_NULL_CONVERSION = YES;
				CLANG_WARN_OBJC_IMPLICIT_RETAIN_SELF = YES;
				CLANG_WARN_OBJC_LITERAL_CONVERSION = YES;
				CLANG_WARN_OBJC_ROOT_CLASS = YES_ERROR;
				CLANG_WARN_QUOTED_INCLUDE_IN_FRAMEWORK_HEADER = YES;
				CLANG_WARN_RANGE_LOOP_ANALYSIS = YES;
				CLANG_WARN_STRICT_PROTOTYPES = YES;
				CLANG_WARN_SUSPICIOUS_MOVE = YES;
				CLANG_WARN_UNGUARDED_AVAILABILITY = YES_AGGRESSIVE;
				CLANG_WARN_UNREACHABLE_CODE = YES;
				CLANG_WARN__DUPLICATE_METHOD_MATCH = YES;
				"CODE_SIGN_ENTITLEMENTS[sdk=xros*]" = Threshold/Threshold.entitlements;
				COPY_PHASE_STRIP = NO;
				DEBUG_INFORMATION_FORMAT = dwarf;
				DEVELOPMENT_TEAM = PMHYFM3SU4;
				ENABLE_STRICT_OBJC_MSGSEND = YES;
				ENABLE_TESTABILITY = YES;
				ENABLE_USER_SCRIPT_SANDBOXING = YES;
				GCC_C_LANGUAGE_STANDARD = gnu17;
				GCC_DYNAMIC_NO_PIC = NO;
				GCC_NO_COMMON_BLOCKS = YES;
				GCC_OPTIMIZATION_LEVEL = 0;
				GCC_PREPROCESSOR_DEFINITIONS = (
					"DEBUG=1",
					"$(inherited)",
				);
				GCC_WARN_64_TO_32_BIT_CONVERSION = YES;
				GCC_WARN_ABOUT_RETURN_TYPE = YES_ERROR;
				GCC_WARN_UNDECLARED_SELECTOR = YES;
				GCC_WARN_UNINITIALIZED_AUTOS = YES_AGGRESSIVE;
				GCC_WARN_UNUSED_FUNCTION = YES;
				GCC_WARN_UNUSED_VARIABLE = YES;
				LOCALIZATION_PREFERS_STRING_CATALOGS = YES;
				MTL_ENABLE_DEBUG_INFO = INCLUDE_SOURCE;
				MTL_FAST_MATH = YES;
				MTL_HEADER_SEARCH_PATHS = "$(inherited)";
				MTL_LANGUAGE_REVISION = Metal31;
				MTL_OPTIMIZATION_LEVEL = default;
				ONLY_ACTIVE_ARCH = YES;
				SDKROOT = xros;
				STRING_CATALOG_GENERATE_SYMBOLS = YES;
				SWIFT_ACTIVE_COMPILATION_CONDITIONS = "DEBUG $(inherited)";
				SWIFT_OPTIMIZATION_LEVEL = "-Onone";
				XROS_DEPLOYMENT_TARGET = 2.1;
			};
			name = Debug;
		};
		D7D716B02CEAC4B200CEEA51 /* Release */ = {
			isa = XCBuildConfiguration;
			buildSettings = {
				ALWAYS_SEARCH_USER_PATHS = NO;
				ASSETCATALOG_COMPILER_GENERATE_SWIFT_ASSET_SYMBOL_EXTENSIONS = YES;
				CLANG_ANALYZER_NONNULL = YES;
				CLANG_ANALYZER_NUMBER_OBJECT_CONVERSION = YES_AGGRESSIVE;
				CLANG_CXX_LANGUAGE_STANDARD = "gnu++20";
				CLANG_ENABLE_MODULES = YES;
				CLANG_ENABLE_OBJC_ARC = YES;
				CLANG_ENABLE_OBJC_WEAK = YES;
				CLANG_WARN_BLOCK_CAPTURE_AUTORELEASING = YES;
				CLANG_WARN_BOOL_CONVERSION = YES;
				CLANG_WARN_COMMA = YES;
				CLANG_WARN_CONSTANT_CONVERSION = YES;
				CLANG_WARN_DEPRECATED_OBJC_IMPLEMENTATIONS = YES;
				CLANG_WARN_DIRECT_OBJC_ISA_USAGE = YES_ERROR;
				CLANG_WARN_DOCUMENTATION_COMMENTS = YES;
				CLANG_WARN_EMPTY_BODY = YES;
				CLANG_WARN_ENUM_CONVERSION = YES;
				CLANG_WARN_INFINITE_RECURSION = YES;
				CLANG_WARN_INT_CONVERSION = YES;
				CLANG_WARN_NON_LITERAL_NULL_CONVERSION = YES;
				CLANG_WARN_OBJC_IMPLICIT_RETAIN_SELF = YES;
				CLANG_WARN_OBJC_LITERAL_CONVERSION = YES;
				CLANG_WARN_OBJC_ROOT_CLASS = YES_ERROR;
				CLANG_WARN_QUOTED_INCLUDE_IN_FRAMEWORK_HEADER = YES;
				CLANG_WARN_RANGE_LOOP_ANALYSIS = YES;
				CLANG_WARN_STRICT_PROTOTYPES = YES;
				CLANG_WARN_SUSPICIOUS_MOVE = YES;
				CLANG_WARN_UNGUARDED_AVAILABILITY = YES_AGGRESSIVE;
				CLANG_WARN_UNREACHABLE_CODE = YES;
				CLANG_WARN__DUPLICATE_METHOD_MATCH = YES;
				"CODE_SIGN_ENTITLEMENTS[sdk=xros*]" = Threshold/Threshold.entitlements;
				COPY_PHASE_STRIP = NO;
				DEBUG_INFORMATION_FORMAT = "dwarf-with-dsym";
				DEVELOPMENT_TEAM = PMHYFM3SU4;
				ENABLE_NS_ASSERTIONS = NO;
				ENABLE_STRICT_OBJC_MSGSEND = YES;
				ENABLE_USER_SCRIPT_SANDBOXING = YES;
				GCC_C_LANGUAGE_STANDARD = gnu17;
				GCC_NO_COMMON_BLOCKS = YES;
				GCC_WARN_64_TO_32_BIT_CONVERSION = YES;
				GCC_WARN_ABOUT_RETURN_TYPE = YES_ERROR;
				GCC_WARN_UNDECLARED_SELECTOR = YES;
				GCC_WARN_UNINITIALIZED_AUTOS = YES_AGGRESSIVE;
				GCC_WARN_UNUSED_FUNCTION = YES;
				GCC_WARN_UNUSED_VARIABLE = YES;
				LOCALIZATION_PREFERS_STRING_CATALOGS = YES;
				MTL_ENABLE_DEBUG_INFO = NO;
				MTL_FAST_MATH = YES;
				MTL_HEADER_SEARCH_PATHS = "$(inherited)";
				MTL_LANGUAGE_REVISION = Metal31;
				MTL_OPTIMIZATION_LEVEL = "-O3";
				SDKROOT = xros;
				STRING_CATALOG_GENERATE_SYMBOLS = YES;
				SWIFT_COMPILATION_MODE = wholemodule;
				VALIDATE_PRODUCT = YES;
				XROS_DEPLOYMENT_TARGET = 2.1;
			};
			name = Release;
		};
		D7D716B72CEAC4B200CEEA51 /* Debug */ = {
			isa = XCBuildConfiguration;
			buildSettings = {
				ASSETCATALOG_COMPILER_APPICON_NAME = OSX;
				ASSETCATALOG_COMPILER_GLOBAL_ACCENT_COLOR_NAME = AccentColor;
				CODE_SIGN_ENTITLEMENTS = Threshold/ThresholdMac.entitlements;
				CODE_SIGN_IDENTITY = "Apple Development";
				CODE_SIGN_STYLE = Automatic;
				CURRENT_PROJECT_VERSION = 20;
				DEAD_CODE_STRIPPING = YES;
				DEVELOPMENT_ASSET_PATHS = "";
				DEVELOPMENT_TEAM = PMHYFM3SU4;
				ENABLE_HARDENED_RUNTIME = YES;
				ENABLE_PREVIEWS = YES;
				EXCLUDED_RESOURCE_FILE_NAMES = App/Info.plist;
				EXCLUDED_SOURCE_FILE_NAMES = App/Info.plist;
				GENERATE_INFOPLIST_FILE = YES;
				INFOPLIST_FILE = Threshold/App/ThresholdMacInfo.plist;
				INFOPLIST_KEY_CFBundleDisplayName = Threshold;
				INFOPLIST_KEY_CFBundleName = Threshold;
				INFOPLIST_KEY_LSApplicationCategoryType = "public.app-category.music";
				INFOPLIST_KEY_NSAppleMusicUsageDescription = "Threshold uses Apple Music to let you browse your library, select songs and playlists, and drive audio-reactive visuals.";
				INFOPLIST_KEY_NSMicrophoneUsageDescription = "Threshold uses the microphone for real-time audio-reactive fractal visualization.";
				LD_RUNPATH_SEARCH_PATHS = (
					"$(inherited)",
					"@executable_path/../Frameworks",
				);
				MACOSX_DEPLOYMENT_TARGET = 26.0;
				MARKETING_VERSION = 1;
				PRODUCT_BUNDLE_IDENTIFIER = com.puppypower.Threshold;
				PRODUCT_NAME = Threshold;
				SDKROOT = macosx;
				SUPPORTED_PLATFORMS = macosx;
				SWIFT_EMIT_LOC_STRINGS = YES;
				SWIFT_OBJC_BRIDGING_HEADER = Threshold/Rendering/ShaderTypes.h;
				SWIFT_VERSION = 6.0;
			};
			name = Debug;
		};
		D7D716B82CEAC4B200CEEA51 /* Release */ = {
			isa = XCBuildConfiguration;
			buildSettings = {
				ASSETCATALOG_COMPILER_APPICON_NAME = OSX;
				ASSETCATALOG_COMPILER_GLOBAL_ACCENT_COLOR_NAME = AccentColor;
				CODE_SIGN_ENTITLEMENTS = Threshold/ThresholdMac.entitlements;
				CODE_SIGN_IDENTITY = "Apple Development";
				CODE_SIGN_STYLE = Automatic;
				CURRENT_PROJECT_VERSION = 20;
				DEAD_CODE_STRIPPING = YES;
				DEBUG_INFORMATION_FORMAT = "dwarf-with-dsym";
				DEVELOPMENT_ASSET_PATHS = "";
				DEVELOPMENT_TEAM = PMHYFM3SU4;
				ENABLE_HARDENED_RUNTIME = YES;
				ENABLE_PREVIEWS = YES;
				EXCLUDED_RESOURCE_FILE_NAMES = App/Info.plist;
				EXCLUDED_SOURCE_FILE_NAMES = App/Info.plist;
				GENERATE_INFOPLIST_FILE = YES;
				INFOPLIST_FILE = Threshold/App/ThresholdMacInfo.plist;
				INFOPLIST_KEY_CFBundleDisplayName = Threshold;
				INFOPLIST_KEY_CFBundleName = Threshold;
				INFOPLIST_KEY_LSApplicationCategoryType = "public.app-category.music";
				INFOPLIST_KEY_NSAppleMusicUsageDescription = "Threshold uses Apple Music to let you browse your library, select songs and playlists, and drive audio-reactive visuals.";
				INFOPLIST_KEY_NSMicrophoneUsageDescription = "Threshold uses the microphone for real-time audio-reactive fractal visualization.";
				LD_RUNPATH_SEARCH_PATHS = (
					"$(inherited)",
					"@executable_path/../Frameworks",
				);
				MACOSX_DEPLOYMENT_TARGET = 26.0;
				MARKETING_VERSION = 1;
				PRODUCT_BUNDLE_IDENTIFIER = com.puppypower.Threshold;
				PRODUCT_NAME = Threshold;
				SDKROOT = macosx;
				SUPPORTED_PLATFORMS = macosx;
				SWIFT_EMIT_LOC_STRINGS = YES;
				SWIFT_OBJC_BRIDGING_HEADER = Threshold/Rendering/ShaderTypes.h;
				SWIFT_VERSION = 6.0;
			};
			name = Release;
		};
		D7E000112E00000000000001 /* Debug */ = {
			isa = XCBuildConfiguration;
			buildSettings = {
				ASSETCATALOG_COMPILER_APPICON_NAME = IOS;
				ASSETCATALOG_COMPILER_GLOBAL_ACCENT_COLOR_NAME = AccentColor;
				CODE_SIGN_ENTITLEMENTS = Threshold/ThresholdiOS.entitlements;
				CODE_SIGN_STYLE = Automatic;
				CURRENT_PROJECT_VERSION = 20;
				DEVELOPMENT_TEAM = PMHYFM3SU4;
				ENABLE_PREVIEWS = YES;
				EXCLUDED_RESOURCE_FILE_NAMES = App/Info.plist;
				EXCLUDED_SOURCE_FILE_NAMES = App/Info.plist;
				GENERATE_INFOPLIST_FILE = YES;
				INFOPLIST_FILE = Threshold/App/ThresholdiOSInfo.plist;
				INFOPLIST_KEY_CFBundleDisplayName = Threshold;
				INFOPLIST_KEY_LSApplicationCategoryType = "public.app-category.video";
				INFOPLIST_KEY_NSMicrophoneUsageDescription = "Threshold uses the microphone for real-time audio-reactive fractal visualization.";
				INFOPLIST_KEY_UIApplicationSupportsIndirectInputEvents = YES;
				INFOPLIST_KEY_UIStatusBarHidden = YES;
				IPHONEOS_DEPLOYMENT_TARGET = 26.0;
				LD_RUNPATH_SEARCH_PATHS = (
					"$(inherited)",
					"@executable_path/Frameworks",
				);
				MARKETING_VERSION = 1;
				PRODUCT_BUNDLE_IDENTIFIER = com.puppypower.Threshold;
				PRODUCT_NAME = Threshold;
				SDKROOT = iphoneos;
				SUPPORTED_PLATFORMS = "iphoneos iphonesimulator";
				SUPPORTS_MACCATALYST = NO;
				SUPPORTS_MAC_DESIGNED_FOR_IPHONE_IPAD = NO;
				SUPPORTS_XR_DESIGNED_FOR_IPHONE_IPAD = NO;
				SWIFT_EMIT_LOC_STRINGS = YES;
				SWIFT_OBJC_BRIDGING_HEADER = Threshold/Rendering/ShaderTypes.h;
				SWIFT_VERSION = 6.0;
				TARGETED_DEVICE_FAMILY = 2;
			};
			name = Debug;
		};
		D7E000122E00000000000001 /* Release */ = {
			isa = XCBuildConfiguration;
			buildSettings = {
				ASSETCATALOG_COMPILER_APPICON_NAME = IOS;
				ASSETCATALOG_COMPILER_GLOBAL_ACCENT_COLOR_NAME = AccentColor;
				CODE_SIGN_ENTITLEMENTS = Threshold/ThresholdiOS.entitlements;
				CODE_SIGN_STYLE = Automatic;
				CURRENT_PROJECT_VERSION = 20;
				DEBUG_INFORMATION_FORMAT = "dwarf-with-dsym";
				DEVELOPMENT_TEAM = PMHYFM3SU4;
				ENABLE_PREVIEWS = YES;
				EXCLUDED_RESOURCE_FILE_NAMES = App/Info.plist;
				EXCLUDED_SOURCE_FILE_NAMES = App/Info.plist;
				GENERATE_INFOPLIST_FILE = YES;
				INFOPLIST_FILE = Threshold/App/ThresholdiOSInfo.plist;
				INFOPLIST_KEY_CFBundleDisplayName = Threshold;
				INFOPLIST_KEY_LSApplicationCategoryType = "public.app-category.video";
				INFOPLIST_KEY_NSMicrophoneUsageDescription = "Threshold uses the microphone for real-time audio-reactive fractal visualization.";
				INFOPLIST_KEY_UIApplicationSupportsIndirectInputEvents = YES;
				INFOPLIST_KEY_UIStatusBarHidden = YES;
				IPHONEOS_DEPLOYMENT_TARGET = 26.0;
				LD_RUNPATH_SEARCH_PATHS = (
					"$(inherited)",
					"@executable_path/Frameworks",
				);
				MARKETING_VERSION = 1;
				PRODUCT_BUNDLE_IDENTIFIER = com.puppypower.Threshold;
				PRODUCT_NAME = Threshold;
				SDKROOT = iphoneos;
				SUPPORTED_PLATFORMS = "iphoneos iphonesimulator";
				SUPPORTS_MACCATALYST = NO;
				SUPPORTS_MAC_DESIGNED_FOR_IPHONE_IPAD = NO;
				SUPPORTS_XR_DESIGNED_FOR_IPHONE_IPAD = NO;
				SWIFT_EMIT_LOC_STRINGS = YES;
				SWIFT_OBJC_BRIDGING_HEADER = Threshold/Rendering/ShaderTypes.h;
				SWIFT_VERSION = 6.0;
				TARGETED_DEVICE_FAMILY = 2;
			};
			name = Release;
		};
		D8A000092D00000000000001 /* Debug */ = {
			isa = XCBuildConfiguration;
			buildSettings = {
				BUNDLE_LOADER = "$(TEST_HOST)";
				CODE_SIGN_STYLE = Automatic;
				CURRENT_PROJECT_VERSION = 20;
				DEAD_CODE_STRIPPING = YES;
				DEVELOPMENT_TEAM = PMHYFM3SU4;
				GENERATE_INFOPLIST_FILE = YES;
				LD_RUNPATH_SEARCH_PATHS = (
					"$(inherited)",
					"@executable_path/../Frameworks",
					"@loader_path/../Frameworks",
				);
				MACOSX_DEPLOYMENT_TARGET = 26.0;
				MARKETING_VERSION = 1;
				PRODUCT_BUNDLE_IDENTIFIER = com.puppypower.ThresholdTests;
				PRODUCT_NAME = "$(TARGET_NAME)";
				SDKROOT = macosx;
				SUPPORTED_PLATFORMS = macosx;
				SWIFT_VERSION = 6.0;
				TEST_HOST = "$(BUILT_PRODUCTS_DIR)/Threshold.app/Contents/MacOS/Threshold";
				TEST_TARGET_NAME = ThresholdMac;
			};
			name = Debug;
		};
		D8A0000A2D00000000000001 /* Release */ = {
			isa = XCBuildConfiguration;
			buildSettings = {
				BUNDLE_LOADER = "$(TEST_HOST)";
				CODE_SIGN_STYLE = Automatic;
				CURRENT_PROJECT_VERSION = 20;
				DEAD_CODE_STRIPPING = YES;
				DEVELOPMENT_TEAM = PMHYFM3SU4;
				GENERATE_INFOPLIST_FILE = YES;
				LD_RUNPATH_SEARCH_PATHS = (
					"$(inherited)",
					"@executable_path/../Frameworks",
					"@loader_path/../Frameworks",
				);
				MACOSX_DEPLOYMENT_TARGET = 26.0;
				MARKETING_VERSION = 1;
				PRODUCT_BUNDLE_IDENTIFIER = com.puppypower.ThresholdTests;
				PRODUCT_NAME = "$(TARGET_NAME)";
				SDKROOT = macosx;
				SUPPORTED_PLATFORMS = macosx;
				SWIFT_VERSION = 6.0;
				TEST_HOST = "$(BUILT_PRODUCTS_DIR)/Threshold.app/Contents/MacOS/Threshold";
				TEST_TARGET_NAME = ThresholdMac;
			};
			name = Release;
		};
/* End XCBuildConfiguration section */

/* Begin XCConfigurationList section */
		48DFEB43656600513BA621B1 /* Build configuration list for PBXNativeTarget "ThresholdQLThumbnail" */ = {
			isa = XCConfigurationList;
			buildConfigurations = (
				834C06353B19956D63F2DB11 /* Release */,
				CD9E3E1B8FBBFA576FE998DE /* Debug */,
			);
			defaultConfigurationIsVisible = 0;
			defaultConfigurationName = Release;
		};
		D7D7168C2CEAC4B100CEEA51 /* Build configuration list for PBXProject "Threshold" */ = {
			isa = XCConfigurationList;
			buildConfigurations = (
				D7D716AF2CEAC4B200CEEA51 /* Debug */,
				D7D716B02CEAC4B200CEEA51 /* Release */,
			);
			defaultConfigurationIsVisible = 0;
			defaultConfigurationName = Release;
		};
		D7D716AC2CEAC4B200CEEA51 /* Build configuration list for PBXNativeTarget "Threshold" */ = {
			isa = XCConfigurationList;
			buildConfigurations = (
				D7D716AD2CEAC4B200CEEA51 /* Debug */,
				D7D716AE2CEAC4B200CEEA51 /* Release */,
			);
			defaultConfigurationIsVisible = 0;
			defaultConfigurationName = Release;
		};
		D7D716B92CEAC4B200CEEA51 /* Build configuration list for PBXNativeTarget "ThresholdMac" */ = {
			isa = XCConfigurationList;
			buildConfigurations = (
				D7D716B72CEAC4B200CEEA51 /* Debug */,
				D7D716B82CEAC4B200CEEA51 /* Release */,
			);
			defaultConfigurationIsVisible = 0;
			defaultConfigurationName = Release;
		};
		D7E000102E00000000000001 /* Build configuration list for PBXNativeTarget "ThresholdiOS" */ = {
			isa = XCConfigurationList;
			buildConfigurations = (
				D7E000112E00000000000001 /* Debug */,
				D7E000122E00000000000001 /* Release */,
			);
			defaultConfigurationIsVisible = 0;
			defaultConfigurationName = Release;
		};
		D8A0000B2D00000000000001 /* Build configuration list for PBXNativeTarget "ThresholdTests" */ = {
			isa = XCConfigurationList;
			buildConfigurations = (
				D8A000092D00000000000001 /* Debug */,
				D8A0000A2D00000000000001 /* Release */,
			);
			defaultConfigurationIsVisible = 0;
			defaultConfigurationName = Release;
		};
		F210C1E0170D25310F8233AF /* Build configuration list for PBXNativeTarget "ThresholdQLPreview" */ = {
			isa = XCConfigurationList;
			buildConfigurations = (
				681B9792655A8E6565832B92 /* Release */,
				C5251AC46FA015B65B51556A /* Debug */,
			);
			defaultConfigurationIsVisible = 0;
			defaultConfigurationName = Release;
		};
/* End XCConfigurationList section */
	};
	rootObject = D7D716892CEAC4B100CEEA51 /* Project object */;
}
